// !$*UTF8*$!
{
	archiveVersion = 1;
	classes = {
	};
	objectVersion = 56;
	objects = {

/* Begin PBXBuildFile section */
		DA087FF12AEBD9D200248BAC /* AddDiscToView.xib in Resources */ = {isa = PBXBuildFile; fileRef = DA087FF02AEBD9D200248BAC /* AddDiscToView.xib */; };
		DA087FF32AEBDBA600248BAC /* AddDiscToView.swift in Sources */ = {isa = PBXBuildFile; fileRef = DA087FF22AEBDBA600248BAC /* AddDiscToView.swift */; };
		DA1DF4112B39054400CA783F /* Bag.storyboard in Resources */ = {isa = PBXBuildFile; fileRef = DA1DF4102B39054400CA783F /* Bag.storyboard */; };
		DA1DF4132B3905DF00CA783F /* BagViewController.swift in Sources */ = {isa = PBXBuildFile; fileRef = DA1DF4122B3905DF00CA783F /* BagViewController.swift */; };
		DA1DF4172B3A1C1C00CA783F /* DiscDataModel.swift in Sources */ = {isa = PBXBuildFile; fileRef = DA1DF4162B3A1C1C00CA783F /* DiscDataModel.swift */; };
		DA1DF4192B3A66B100CA783F /* DiscInBagCell.swift in Sources */ = {isa = PBXBuildFile; fileRef = DA1DF4182B3A66B100CA783F /* DiscInBagCell.swift */; };
		DA20B67A2B9172B000841351 /* ProgressBar.swift in Sources */ = {isa = PBXBuildFile; fileRef = DA20B6792B9172B000841351 /* ProgressBar.swift */; };
		DA20B67D2B95421B00841351 /* ImageHeaderSubheaderView.swift in Sources */ = {isa = PBXBuildFile; fileRef = DA20B67C2B95421B00841351 /* ImageHeaderSubheaderView.swift */; };
		DA22721A2B055BDC005A107C /* ViewController+Ext.swift in Sources */ = {isa = PBXBuildFile; fileRef = DA2272192B055BDC005A107C /* ViewController+Ext.swift */; };
		DA22721C2B05B713005A107C /* GridColorPicker.swift in Sources */ = {isa = PBXBuildFile; fileRef = DA22721B2B05B713005A107C /* GridColorPicker.swift */; };
		DA22721E2B08DC13005A107C /* BagDatabaseService.swift in Sources */ = {isa = PBXBuildFile; fileRef = DA22721D2B08DC13005A107C /* BagDatabaseService.swift */; };
		DA2272282B099C6E005A107C /* AddDiscToBagViewController.swift in Sources */ = {isa = PBXBuildFile; fileRef = DA2272272B099C6E005A107C /* AddDiscToBagViewController.swift */; };
		DA22722A2B099D52005A107C /* AddDiscToBag.storyboard in Resources */ = {isa = PBXBuildFile; fileRef = DA2272292B099D52005A107C /* AddDiscToBag.storyboard */; };
		DA363D352B016EA20050840A /* BagListTableViewCell.swift in Sources */ = {isa = PBXBuildFile; fileRef = DA363D342B016EA20050840A /* BagListTableViewCell.swift */; };
		DA363D372B016EC30050840A /* BagListViewController.swift in Sources */ = {isa = PBXBuildFile; fileRef = DA363D362B016EC30050840A /* BagListViewController.swift */; };
		DA363D3C2B0181C10050840A /* BagDataModel.swift in Sources */ = {isa = PBXBuildFile; fileRef = DA363D3B2B0181C10050840A /* BagDataModel.swift */; };
		DA363D3E2B0183960050840A /* Color+Ext.swift in Sources */ = {isa = PBXBuildFile; fileRef = DA363D3D2B0183960050840A /* Color+Ext.swift */; };
		DA422C2A2B97F75100BBB1F7 /* OneDimensionalBar.swift in Sources */ = {isa = PBXBuildFile; fileRef = DA422C292B97F75100BBB1F7 /* OneDimensionalBar.swift */; };
		DA422C2D2B97F86600BBB1F7 /* ChartData.swift in Sources */ = {isa = PBXBuildFile; fileRef = DA422C2C2B97F86600BBB1F7 /* ChartData.swift */; };
		DA6FE00D2B88093F00516F82 /* DiscInBagInfoViewController.swift in Sources */ = {isa = PBXBuildFile; fileRef = DA6FE00C2B88093F00516F82 /* DiscInBagInfoViewController.swift */; };
		DA8172C42BB10969005D56E5 /* UnderstableVC.swift in Sources */ = {isa = PBXBuildFile; fileRef = DA8172C32BB10969005D56E5 /* UnderstableVC.swift */; };
		DA9B7CD42BA7BD960040E44D /* Lottie in Frameworks */ = {isa = PBXBuildFile; productRef = DA9B7CD32BA7BD960040E44D /* Lottie */; };
		DA9B7CD72BAD0BDA0040E44D /* StableVC.swift in Sources */ = {isa = PBXBuildFile; fileRef = DA9B7CD62BAD0BDA0040E44D /* StableVC.swift */; };
		DAA30B122B64A2D700C533F3 /* AnimationHelper.swift in Sources */ = {isa = PBXBuildFile; fileRef = DAA30B112B64A2D700C533F3 /* AnimationHelper.swift */; };
		DAA5A0992B5A0F43005BAE1C /* BagScatterGraphView.swift in Sources */ = {isa = PBXBuildFile; fileRef = DAA5A0982B5A0F43005BAE1C /* BagScatterGraphView.swift */; };
		DABE00CC2AF7CE7800C2ABEB /* DiscDatabaseService.swift in Sources */ = {isa = PBXBuildFile; fileRef = DABE00CB2AF7CE7800C2ABEB /* DiscDatabaseService.swift */; };
		DABE00CE2AF7CF6F00C2ABEB /* DiscSwiftDataModel.swift in Sources */ = {isa = PBXBuildFile; fileRef = DABE00CD2AF7CF6F00C2ABEB /* DiscSwiftDataModel.swift */; };
		DABE00D02AF8771B00C2ABEB /* CartViewController.swift in Sources */ = {isa = PBXBuildFile; fileRef = DABE00CF2AF8771B00C2ABEB /* CartViewController.swift */; };
		DABE00D32AF9CE7A00C2ABEB /* CartTableViewCell.swift in Sources */ = {isa = PBXBuildFile; fileRef = DABE00D22AF9CE7A00C2ABEB /* CartTableViewCell.swift */; };
		DAC153592BB89FC500FD9A80 /* StabilityInfo.storyboard in Resources */ = {isa = PBXBuildFile; fileRef = DAC153582BB89FC500FD9A80 /* StabilityInfo.storyboard */; };
		DAC1535B2BB8A1C200FD9A80 /* OverstableVC1.swift in Sources */ = {isa = PBXBuildFile; fileRef = DAC1535A2BB8A1C200FD9A80 /* OverstableVC1.swift */; };
		DAC1535D2BB8A1D000FD9A80 /* OverstableVC2.swift in Sources */ = {isa = PBXBuildFile; fileRef = DAC1535C2BB8A1D000FD9A80 /* OverstableVC2.swift */; };
		DAC1535F2BB8A1DA00FD9A80 /* OverstableVC3.swift in Sources */ = {isa = PBXBuildFile; fileRef = DAC1535E2BB8A1DA00FD9A80 /* OverstableVC3.swift */; };
		DAC153612BB8A1E600FD9A80 /* OverstableVC4.swift in Sources */ = {isa = PBXBuildFile; fileRef = DAC153602BB8A1E600FD9A80 /* OverstableVC4.swift */; };
		DAC153632BB8A1F100FD9A80 /* OverstableVC5.swift in Sources */ = {isa = PBXBuildFile; fileRef = DAC153622BB8A1F100FD9A80 /* OverstableVC5.swift */; };
		DAD4820E2ACA4AEB0051D89A /* OverstablePageViewController.swift in Sources */ = {isa = PBXBuildFile; fileRef = DAD4820D2ACA4AEB0051D89A /* OverstablePageViewController.swift */; };
		DAD482112ACCFDCC0051D89A /* Constants.swift in Sources */ = {isa = PBXBuildFile; fileRef = DAD482102ACCFDCB0051D89A /* Constants.swift */; };
		DAD482132ACE47D50051D89A /* FlightNumbersViewController.swift in Sources */ = {isa = PBXBuildFile; fileRef = DAD482122ACE47D50051D89A /* FlightNumbersViewController.swift */; };
		DADB72212AADFCDC0083B13B /* AppDelegate.swift in Sources */ = {isa = PBXBuildFile; fileRef = DADB72202AADFCDC0083B13B /* AppDelegate.swift */; };
		DADB72232AADFCDC0083B13B /* SceneDelegate.swift in Sources */ = {isa = PBXBuildFile; fileRef = DADB72222AADFCDC0083B13B /* SceneDelegate.swift */; };
		DADB72252AADFCDC0083B13B /* ViewController.swift in Sources */ = {isa = PBXBuildFile; fileRef = DADB72242AADFCDC0083B13B /* ViewController.swift */; };
		DADB72282AADFCDC0083B13B /* Main.storyboard in Resources */ = {isa = PBXBuildFile; fileRef = DADB72262AADFCDC0083B13B /* Main.storyboard */; };
		DADB722A2AADFCDF0083B13B /* Assets.xcassets in Resources */ = {isa = PBXBuildFile; fileRef = DADB72292AADFCDF0083B13B /* Assets.xcassets */; };
		DADB722D2AADFCDF0083B13B /* LaunchScreen.storyboard in Resources */ = {isa = PBXBuildFile; fileRef = DADB722B2AADFCDF0083B13B /* LaunchScreen.storyboard */; };
		DADB72352AADFD890083B13B /* Disc.swift in Sources */ = {isa = PBXBuildFile; fileRef = DADB72342AADFD890083B13B /* Disc.swift */; };
		DADB72372AAE051C0083B13B /* APIManager.swift in Sources */ = {isa = PBXBuildFile; fileRef = DADB72362AAE051C0083B13B /* APIManager.swift */; };
		DADB72392AAE0FD50083B13B /* BrandCell.swift in Sources */ = {isa = PBXBuildFile; fileRef = DADB72382AAE0FD50083B13B /* BrandCell.swift */; };
		DADB723B2AB32C780083B13B /* DiscListViewController.swift in Sources */ = {isa = PBXBuildFile; fileRef = DADB723A2AB32C780083B13B /* DiscListViewController.swift */; };
		DADB723E2AB33F630083B13B /* Data+Ext.swift in Sources */ = {isa = PBXBuildFile; fileRef = DADB723D2AB33F630083B13B /* Data+Ext.swift */; };
		DADB72412AB351AB0083B13B /* DiscCell.swift in Sources */ = {isa = PBXBuildFile; fileRef = DADB72402AB351AB0083B13B /* DiscCell.swift */; };
		DADB72462AB69C780083B13B /* DiscViewController.swift in Sources */ = {isa = PBXBuildFile; fileRef = DADB72452AB69C780083B13B /* DiscViewController.swift */; };
		DADBE24C2ABCDBDF00E2095A /* DiscTypes.xib in Resources */ = {isa = PBXBuildFile; fileRef = DADBE24B2ABCDBDF00E2095A /* DiscTypes.xib */; };
		DADBE24E2ABDC42200E2095A /* DiscTypesView.swift in Sources */ = {isa = PBXBuildFile; fileRef = DADBE24D2ABDC42200E2095A /* DiscTypesView.swift */; };
		DADBE2502ABE00FA00E2095A /* DiscImageNames.swift in Sources */ = {isa = PBXBuildFile; fileRef = DADBE24F2ABE00FA00E2095A /* DiscImageNames.swift */; };
		DADBE2522AC0C8C700E2095A /* SearchDiscViewController.swift in Sources */ = {isa = PBXBuildFile; fileRef = DADBE2512AC0C8C700E2095A /* SearchDiscViewController.swift */; };
		DADBE2542AC0CB8700E2095A /* SearchDiscCell.swift in Sources */ = {isa = PBXBuildFile; fileRef = DADBE2532AC0CB8700E2095A /* SearchDiscCell.swift */; };
		DADED48D2B1C201F00B9950D /* DiscGolfSearch.xcdatamodeld in Sources */ = {isa = PBXBuildFile; fileRef = DADED48B2B1C201F00B9950D /* DiscGolfSearch.xcdatamodeld */; };
		DADF925B2B1EA74D00AD5378 /* CoreDataManager.swift in Sources */ = {isa = PBXBuildFile; fileRef = DADF925A2B1EA74D00AD5378 /* CoreDataManager.swift */; };
		DAEC3B562B83F35600171A7C /* SwiftMessages in Frameworks */ = {isa = PBXBuildFile; productRef = DAEC3B552B83F35600171A7C /* SwiftMessages */; };
		DAEC3B5A2B83F4C400171A7C /* AlertPresenterProtocol.swift in Sources */ = {isa = PBXBuildFile; fileRef = DAEC3B592B83F4C400171A7C /* AlertPresenterProtocol.swift */; };
		DAEC3B5D2B83F66C00171A7C /* AlertPresenter.swift in Sources */ = {isa = PBXBuildFile; fileRef = DAEC3B5C2B83F66C00171A7C /* AlertPresenter.swift */; };
		DAEC3B622B85A23800171A7C /* DiscInBagInfo.storyboard in Resources */ = {isa = PBXBuildFile; fileRef = DAEC3B612B85A23800171A7C /* DiscInBagInfo.storyboard */; };
		DAEE2C8C2B01B89B005D289D /* DZNEmptyDataSet in Frameworks */ = {isa = PBXBuildFile; productRef = DAEE2C8B2B01B89B005D289D /* DZNEmptyDataSet */; };
		DAEE2C8F2B01B8AD005D289D /* Eureka in Frameworks */ = {isa = PBXBuildFile; productRef = DAEE2C8E2B01B8AD005D289D /* Eureka */; };
		DAEE2C922B01B8B6005D289D /* SwiftSpinner in Frameworks */ = {isa = PBXBuildFile; productRef = DAEE2C912B01B8B6005D289D /* SwiftSpinner */; };
		DAEE2C972B01D481005D289D /* ImageView+Ext.swift in Sources */ = {isa = PBXBuildFile; fileRef = DAEE2C962B01D481005D289D /* ImageView+Ext.swift */; };
		DAEE2C9A2B025BB6005D289D /* AddBag.storyboard in Resources */ = {isa = PBXBuildFile; fileRef = DAEE2C992B025BB6005D289D /* AddBag.storyboard */; };
		DAEE2C9C2B025BC4005D289D /* AddBagViewController.swift in Sources */ = {isa = PBXBuildFile; fileRef = DAEE2C9B2B025BC4005D289D /* AddBagViewController.swift */; };
		DAFF75662B5D9FE100C11199 /* BagScatterGraph.swift in Sources */ = {isa = PBXBuildFile; fileRef = DAFF75652B5D9FE100C11199 /* BagScatterGraph.swift */; };
/* End PBXBuildFile section */

/* Begin PBXCopyFilesBuildPhase section */
		DA71532C2B5C8E7300413408 /* Embed Frameworks */ = {
			isa = PBXCopyFilesBuildPhase;
			buildActionMask = 2147483647;
			dstPath = "";
			dstSubfolderSpec = 10;
			files = (
			);
			name = "Embed Frameworks";
			runOnlyForDeploymentPostprocessing = 0;
		};
/* End PBXCopyFilesBuildPhase section */

/* Begin PBXFileReference section */
		DA087FF02AEBD9D200248BAC /* AddDiscToView.xib */ = {isa = PBXFileReference; lastKnownFileType = file.xib; path = AddDiscToView.xib; sourceTree = "<group>"; };
		DA087FF22AEBDBA600248BAC /* AddDiscToView.swift */ = {isa = PBXFileReference; lastKnownFileType = sourcecode.swift; path = AddDiscToView.swift; sourceTree = "<group>"; };
		DA1DF4102B39054400CA783F /* Bag.storyboard */ = {isa = PBXFileReference; lastKnownFileType = file.storyboard; path = Bag.storyboard; sourceTree = "<group>"; };
		DA1DF4122B3905DF00CA783F /* BagViewController.swift */ = {isa = PBXFileReference; lastKnownFileType = sourcecode.swift; path = BagViewController.swift; sourceTree = "<group>"; };
		DA1DF4162B3A1C1C00CA783F /* DiscDataModel.swift */ = {isa = PBXFileReference; lastKnownFileType = sourcecode.swift; path = DiscDataModel.swift; sourceTree = "<group>"; };
		DA1DF4182B3A66B100CA783F /* DiscInBagCell.swift */ = {isa = PBXFileReference; lastKnownFileType = sourcecode.swift; path = DiscInBagCell.swift; sourceTree = "<group>"; };
		DA20B6792B9172B000841351 /* ProgressBar.swift */ = {isa = PBXFileReference; lastKnownFileType = sourcecode.swift; path = ProgressBar.swift; sourceTree = "<group>"; };
		DA20B67C2B95421B00841351 /* ImageHeaderSubheaderView.swift */ = {isa = PBXFileReference; lastKnownFileType = sourcecode.swift; path = ImageHeaderSubheaderView.swift; sourceTree = "<group>"; };
		DA2272192B055BDC005A107C /* ViewController+Ext.swift */ = {isa = PBXFileReference; lastKnownFileType = sourcecode.swift; path = "ViewController+Ext.swift"; sourceTree = "<group>"; };
		DA22721B2B05B713005A107C /* GridColorPicker.swift */ = {isa = PBXFileReference; lastKnownFileType = sourcecode.swift; path = GridColorPicker.swift; sourceTree = "<group>"; };
		DA22721D2B08DC13005A107C /* BagDatabaseService.swift */ = {isa = PBXFileReference; lastKnownFileType = sourcecode.swift; path = BagDatabaseService.swift; sourceTree = "<group>"; };
		DA2272272B099C6E005A107C /* AddDiscToBagViewController.swift */ = {isa = PBXFileReference; lastKnownFileType = sourcecode.swift; path = AddDiscToBagViewController.swift; sourceTree = "<group>"; };
		DA2272292B099D52005A107C /* AddDiscToBag.storyboard */ = {isa = PBXFileReference; lastKnownFileType = file.storyboard; path = AddDiscToBag.storyboard; sourceTree = "<group>"; };
		DA363D342B016EA20050840A /* BagListTableViewCell.swift */ = {isa = PBXFileReference; lastKnownFileType = sourcecode.swift; path = BagListTableViewCell.swift; sourceTree = "<group>"; };
		DA363D362B016EC30050840A /* BagListViewController.swift */ = {isa = PBXFileReference; lastKnownFileType = sourcecode.swift; path = BagListViewController.swift; sourceTree = "<group>"; };
		DA363D3B2B0181C10050840A /* BagDataModel.swift */ = {isa = PBXFileReference; lastKnownFileType = sourcecode.swift; path = BagDataModel.swift; sourceTree = "<group>"; };
		DA363D3D2B0183960050840A /* Color+Ext.swift */ = {isa = PBXFileReference; lastKnownFileType = sourcecode.swift; path = "Color+Ext.swift"; sourceTree = "<group>"; };
		DA422C292B97F75100BBB1F7 /* OneDimensionalBar.swift */ = {isa = PBXFileReference; lastKnownFileType = sourcecode.swift; path = OneDimensionalBar.swift; sourceTree = "<group>"; };
		DA422C2C2B97F86600BBB1F7 /* ChartData.swift */ = {isa = PBXFileReference; lastKnownFileType = sourcecode.swift; path = ChartData.swift; sourceTree = "<group>"; };
		DA6FE00C2B88093F00516F82 /* DiscInBagInfoViewController.swift */ = {isa = PBXFileReference; lastKnownFileType = sourcecode.swift; path = DiscInBagInfoViewController.swift; sourceTree = "<group>"; };
		DA8172C32BB10969005D56E5 /* UnderstableVC.swift */ = {isa = PBXFileReference; lastKnownFileType = sourcecode.swift; path = UnderstableVC.swift; sourceTree = "<group>"; };
		DA9B7CD62BAD0BDA0040E44D /* StableVC.swift */ = {isa = PBXFileReference; lastKnownFileType = sourcecode.swift; path = StableVC.swift; sourceTree = "<group>"; };
		DAA30B112B64A2D700C533F3 /* AnimationHelper.swift */ = {isa = PBXFileReference; lastKnownFileType = sourcecode.swift; path = AnimationHelper.swift; sourceTree = "<group>"; };
		DAA5A0982B5A0F43005BAE1C /* BagScatterGraphView.swift */ = {isa = PBXFileReference; lastKnownFileType = sourcecode.swift; path = BagScatterGraphView.swift; sourceTree = "<group>"; };
		DABE00CB2AF7CE7800C2ABEB /* DiscDatabaseService.swift */ = {isa = PBXFileReference; lastKnownFileType = sourcecode.swift; path = DiscDatabaseService.swift; sourceTree = "<group>"; };
		DABE00CD2AF7CF6F00C2ABEB /* DiscSwiftDataModel.swift */ = {isa = PBXFileReference; lastKnownFileType = sourcecode.swift; path = DiscSwiftDataModel.swift; sourceTree = "<group>"; };
		DABE00CF2AF8771B00C2ABEB /* CartViewController.swift */ = {isa = PBXFileReference; lastKnownFileType = sourcecode.swift; path = CartViewController.swift; sourceTree = "<group>"; };
		DABE00D22AF9CE7A00C2ABEB /* CartTableViewCell.swift */ = {isa = PBXFileReference; lastKnownFileType = sourcecode.swift; path = CartTableViewCell.swift; sourceTree = "<group>"; };
		DAC153582BB89FC500FD9A80 /* StabilityInfo.storyboard */ = {isa = PBXFileReference; lastKnownFileType = file.storyboard; path = StabilityInfo.storyboard; sourceTree = "<group>"; };
		DAC1535A2BB8A1C200FD9A80 /* OverstableVC1.swift */ = {isa = PBXFileReference; lastKnownFileType = sourcecode.swift; path = OverstableVC1.swift; sourceTree = "<group>"; };
		DAC1535C2BB8A1D000FD9A80 /* OverstableVC2.swift */ = {isa = PBXFileReference; lastKnownFileType = sourcecode.swift; path = OverstableVC2.swift; sourceTree = "<group>"; };
		DAC1535E2BB8A1DA00FD9A80 /* OverstableVC3.swift */ = {isa = PBXFileReference; lastKnownFileType = sourcecode.swift; path = OverstableVC3.swift; sourceTree = "<group>"; };
		DAC153602BB8A1E600FD9A80 /* OverstableVC4.swift */ = {isa = PBXFileReference; lastKnownFileType = sourcecode.swift; path = OverstableVC4.swift; sourceTree = "<group>"; };
		DAC153622BB8A1F100FD9A80 /* OverstableVC5.swift */ = {isa = PBXFileReference; lastKnownFileType = sourcecode.swift; path = OverstableVC5.swift; sourceTree = "<group>"; };
		DAD4820D2ACA4AEB0051D89A /* OverstablePageViewController.swift */ = {isa = PBXFileReference; lastKnownFileType = sourcecode.swift; path = OverstablePageViewController.swift; sourceTree = "<group>"; };
		DAD482102ACCFDCB0051D89A /* Constants.swift */ = {isa = PBXFileReference; lastKnownFileType = sourcecode.swift; path = Constants.swift; sourceTree = "<group>"; };
		DAD482122ACE47D50051D89A /* FlightNumbersViewController.swift */ = {isa = PBXFileReference; lastKnownFileType = sourcecode.swift; path = FlightNumbersViewController.swift; sourceTree = "<group>"; };
		DADB721D2AADFCDC0083B13B /* DiscGolfSearch.app */ = {isa = PBXFileReference; explicitFileType = wrapper.application; includeInIndex = 0; path = DiscGolfSearch.app; sourceTree = BUILT_PRODUCTS_DIR; };
		DADB72202AADFCDC0083B13B /* AppDelegate.swift */ = {isa = PBXFileReference; lastKnownFileType = sourcecode.swift; path = AppDelegate.swift; sourceTree = "<group>"; };
		DADB72222AADFCDC0083B13B /* SceneDelegate.swift */ = {isa = PBXFileReference; lastKnownFileType = sourcecode.swift; path = SceneDelegate.swift; sourceTree = "<group>"; };
		DADB72242AADFCDC0083B13B /* ViewController.swift */ = {isa = PBXFileReference; lastKnownFileType = sourcecode.swift; path = ViewController.swift; sourceTree = "<group>"; };
		DADB72272AADFCDC0083B13B /* Base */ = {isa = PBXFileReference; lastKnownFileType = file.storyboard; name = Base; path = Base.lproj/Main.storyboard; sourceTree = "<group>"; };
		DADB72292AADFCDF0083B13B /* Assets.xcassets */ = {isa = PBXFileReference; lastKnownFileType = folder.assetcatalog; path = Assets.xcassets; sourceTree = "<group>"; };
		DADB722C2AADFCDF0083B13B /* Base */ = {isa = PBXFileReference; lastKnownFileType = file.storyboard; name = Base; path = Base.lproj/LaunchScreen.storyboard; sourceTree = "<group>"; };
		DADB722E2AADFCDF0083B13B /* Info.plist */ = {isa = PBXFileReference; lastKnownFileType = text.plist.xml; path = Info.plist; sourceTree = "<group>"; };
		DADB72342AADFD890083B13B /* Disc.swift */ = {isa = PBXFileReference; lastKnownFileType = sourcecode.swift; path = Disc.swift; sourceTree = "<group>"; };
		DADB72362AAE051C0083B13B /* APIManager.swift */ = {isa = PBXFileReference; lastKnownFileType = sourcecode.swift; path = APIManager.swift; sourceTree = "<group>"; };
		DADB72382AAE0FD50083B13B /* BrandCell.swift */ = {isa = PBXFileReference; lastKnownFileType = sourcecode.swift; path = BrandCell.swift; sourceTree = "<group>"; };
		DADB723A2AB32C780083B13B /* DiscListViewController.swift */ = {isa = PBXFileReference; lastKnownFileType = sourcecode.swift; path = DiscListViewController.swift; sourceTree = "<group>"; };
		DADB723D2AB33F630083B13B /* Data+Ext.swift */ = {isa = PBXFileReference; lastKnownFileType = sourcecode.swift; path = "Data+Ext.swift"; sourceTree = "<group>"; };
		DADB72402AB351AB0083B13B /* DiscCell.swift */ = {isa = PBXFileReference; lastKnownFileType = sourcecode.swift; path = DiscCell.swift; sourceTree = "<group>"; };
		DADB72452AB69C780083B13B /* DiscViewController.swift */ = {isa = PBXFileReference; lastKnownFileType = sourcecode.swift; path = DiscViewController.swift; sourceTree = "<group>"; };
		DADBE24B2ABCDBDF00E2095A /* DiscTypes.xib */ = {isa = PBXFileReference; lastKnownFileType = file.xib; path = DiscTypes.xib; sourceTree = "<group>"; };
		DADBE24D2ABDC42200E2095A /* DiscTypesView.swift */ = {isa = PBXFileReference; lastKnownFileType = sourcecode.swift; path = DiscTypesView.swift; sourceTree = "<group>"; };
		DADBE24F2ABE00FA00E2095A /* DiscImageNames.swift */ = {isa = PBXFileReference; lastKnownFileType = sourcecode.swift; path = DiscImageNames.swift; sourceTree = "<group>"; };
		DADBE2512AC0C8C700E2095A /* SearchDiscViewController.swift */ = {isa = PBXFileReference; lastKnownFileType = sourcecode.swift; path = SearchDiscViewController.swift; sourceTree = "<group>"; };
		DADBE2532AC0CB8700E2095A /* SearchDiscCell.swift */ = {isa = PBXFileReference; lastKnownFileType = sourcecode.swift; path = SearchDiscCell.swift; sourceTree = "<group>"; };
		DADED48C2B1C201F00B9950D /* DiscGolfSearch.xcdatamodel */ = {isa = PBXFileReference; lastKnownFileType = wrapper.xcdatamodel; path = DiscGolfSearch.xcdatamodel; sourceTree = "<group>"; };
		DADF925A2B1EA74D00AD5378 /* CoreDataManager.swift */ = {isa = PBXFileReference; lastKnownFileType = sourcecode.swift; path = CoreDataManager.swift; sourceTree = "<group>"; };
		DAEC3B592B83F4C400171A7C /* AlertPresenterProtocol.swift */ = {isa = PBXFileReference; lastKnownFileType = sourcecode.swift; path = AlertPresenterProtocol.swift; sourceTree = "<group>"; };
		DAEC3B5C2B83F66C00171A7C /* AlertPresenter.swift */ = {isa = PBXFileReference; lastKnownFileType = sourcecode.swift; path = AlertPresenter.swift; sourceTree = "<group>"; };
		DAEC3B612B85A23800171A7C /* DiscInBagInfo.storyboard */ = {isa = PBXFileReference; lastKnownFileType = file.storyboard; path = DiscInBagInfo.storyboard; sourceTree = "<group>"; };
		DAEE2C962B01D481005D289D /* ImageView+Ext.swift */ = {isa = PBXFileReference; lastKnownFileType = sourcecode.swift; path = "ImageView+Ext.swift"; sourceTree = "<group>"; };
		DAEE2C992B025BB6005D289D /* AddBag.storyboard */ = {isa = PBXFileReference; lastKnownFileType = file.storyboard; path = AddBag.storyboard; sourceTree = "<group>"; };
		DAEE2C9B2B025BC4005D289D /* AddBagViewController.swift */ = {isa = PBXFileReference; lastKnownFileType = sourcecode.swift; path = AddBagViewController.swift; sourceTree = "<group>"; };
		DAFF75652B5D9FE100C11199 /* BagScatterGraph.swift */ = {isa = PBXFileReference; lastKnownFileType = sourcecode.swift; path = BagScatterGraph.swift; sourceTree = "<group>"; };
/* End PBXFileReference section */

/* Begin PBXFrameworksBuildPhase section */
		DADB721A2AADFCDC0083B13B /* Frameworks */ = {
			isa = PBXFrameworksBuildPhase;
			buildActionMask = 2147483647;
			files = (
				DA9B7CD42BA7BD960040E44D /* Lottie in Frameworks */,
				DAEE2C8C2B01B89B005D289D /* DZNEmptyDataSet in Frameworks */,
				DAEE2C8F2B01B8AD005D289D /* Eureka in Frameworks */,
				DAEE2C922B01B8B6005D289D /* SwiftSpinner in Frameworks */,
				DAEC3B562B83F35600171A7C /* SwiftMessages in Frameworks */,
			);
			runOnlyForDeploymentPostprocessing = 0;
		};
/* End PBXFrameworksBuildPhase section */

/* Begin PBXGroup section */
		DA1DF40F2B39053600CA783F /* Bag */ = {
			isa = PBXGroup;
			children = (
				DA1DF4102B39054400CA783F /* Bag.storyboard */,
				DA1DF4122B3905DF00CA783F /* BagViewController.swift */,
				DAEC3B5E2B85A0FB00171A7C /* DiscInBagInfo */,
			);
			path = Bag;
			sourceTree = "<group>";
		};
		DA20B67B2B9541EF00841351 /* Custom Views */ = {
			isa = PBXGroup;
			children = (
				DA20B67C2B95421B00841351 /* ImageHeaderSubheaderView.swift */,
			);
			path = "Custom Views";
			sourceTree = "<group>";
		};
		DA22721F2B099A9D005A107C /* Disc View */ = {
			isa = PBXGroup;
			children = (
				DADB72452AB69C780083B13B /* DiscViewController.swift */,
			);
			path = "Disc View";
			sourceTree = "<group>";
		};
		DA2272202B099AD4005A107C /* DiscViews */ = {
			isa = PBXGroup;
			children = (
				DA2272242B099B57005A107C /* Search Discs */,
				DA2272232B099B32005A107C /* Disc Types */,
				DA2272222B099B0F005A107C /* Disc List */,
				DA2272212B099AE5005A107C /* Add Disc  */,
				DA22721F2B099A9D005A107C /* Disc View */,
			);
			path = DiscViews;
			sourceTree = "<group>";
		};
		DA2272212B099AE5005A107C /* Add Disc  */ = {
			isa = PBXGroup;
			children = (
				DA2272262B099B96005A107C /* To Bag */,
				DA2272252B099B75005A107C /* To Cart */,
			);
			path = "Add Disc ";
			sourceTree = "<group>";
		};
		DA2272222B099B0F005A107C /* Disc List */ = {
			isa = PBXGroup;
			children = (
				DADB723A2AB32C780083B13B /* DiscListViewController.swift */,
			);
			path = "Disc List";
			sourceTree = "<group>";
		};
		DA2272232B099B32005A107C /* Disc Types */ = {
			isa = PBXGroup;
			children = (
				DADBE24B2ABCDBDF00E2095A /* DiscTypes.xib */,
				DADBE24D2ABDC42200E2095A /* DiscTypesView.swift */,
			);
			path = "Disc Types";
			sourceTree = "<group>";
		};
		DA2272242B099B57005A107C /* Search Discs */ = {
			isa = PBXGroup;
			children = (
				DADBE2512AC0C8C700E2095A /* SearchDiscViewController.swift */,
			);
			path = "Search Discs";
			sourceTree = "<group>";
		};
		DA2272252B099B75005A107C /* To Cart */ = {
			isa = PBXGroup;
			children = (
				DA087FF02AEBD9D200248BAC /* AddDiscToView.xib */,
				DA087FF22AEBDBA600248BAC /* AddDiscToView.swift */,
			);
			path = "To Cart";
			sourceTree = "<group>";
		};
		DA2272262B099B96005A107C /* To Bag */ = {
			isa = PBXGroup;
			children = (
				DA2272272B099C6E005A107C /* AddDiscToBagViewController.swift */,
				DA2272292B099D52005A107C /* AddDiscToBag.storyboard */,
			);
			path = "To Bag";
			sourceTree = "<group>";
		};
		DA22722D2B0A5088005A107C /* Charts */ = {
			isa = PBXGroup;
			children = (
				DA422C2B2B97F83400BBB1F7 /* ChartsDataModels */,
				DA422C292B97F75100BBB1F7 /* OneDimensionalBar.swift */,
			);
			path = Charts;
			sourceTree = "<group>";
		};
		DA363D332B016E5B0050840A /* Bag View */ = {
			isa = PBXGroup;
			children = (
				DAA5A0972B5A0EFF005BAE1C /* Bag Seg Controller Views */,
				DA1DF40F2B39053600CA783F /* Bag */,
				DAEE2C982B025B93005D289D /* Add Bag  */,
				DA363D342B016EA20050840A /* BagListTableViewCell.swift */,
				DA363D362B016EC30050840A /* BagListViewController.swift */,
			);
			path = "Bag View";
			sourceTree = "<group>";
		};
		DA422C2B2B97F83400BBB1F7 /* ChartsDataModels */ = {
			isa = PBXGroup;
			children = (
				DA422C2C2B97F86600BBB1F7 /* ChartData.swift */,
			);
			path = ChartsDataModels;
			sourceTree = "<group>";
		};
		DAA5A0972B5A0EFF005BAE1C /* Bag Seg Controller Views */ = {
			isa = PBXGroup;
			children = (
				DAA5A0982B5A0F43005BAE1C /* BagScatterGraphView.swift */,
				DAFF75652B5D9FE100C11199 /* BagScatterGraph.swift */,
			);
			path = "Bag Seg Controller Views";
			sourceTree = "<group>";
		};
		DABE00CA2AF7CE6600C2ABEB /* Services */ = {
			isa = PBXGroup;
			children = (
				DABE00CB2AF7CE7800C2ABEB /* DiscDatabaseService.swift */,
				DA22721D2B08DC13005A107C /* BagDatabaseService.swift */,
			);
			path = Services;
			sourceTree = "<group>";
		};
		DABE00D12AF9CE5600C2ABEB /* CartView */ = {
			isa = PBXGroup;
			children = (
				DABE00CF2AF8771B00C2ABEB /* CartViewController.swift */,
				DABE00D22AF9CE7A00C2ABEB /* CartTableViewCell.swift */,
			);
			path = CartView;
			sourceTree = "<group>";
		};
		DAC153572BB89F5F00FD9A80 /* DiscInfoViews */ = {
			isa = PBXGroup;
			children = (
				DAD482122ACE47D50051D89A /* FlightNumbersViewController.swift */,
				DA9B7CD62BAD0BDA0040E44D /* StableVC.swift */,
				DA8172C32BB10969005D56E5 /* UnderstableVC.swift */,
				DAC153582BB89FC500FD9A80 /* StabilityInfo.storyboard */,
				DAC153642BB8A1FB00FD9A80 /* Overstable VCs */,
			);
			path = DiscInfoViews;
			sourceTree = "<group>";
		};
		DAC153642BB8A1FB00FD9A80 /* Overstable VCs */ = {
			isa = PBXGroup;
			children = (
				DAD4820D2ACA4AEB0051D89A /* OverstablePageViewController.swift */,
				DAC1535A2BB8A1C200FD9A80 /* OverstableVC1.swift */,
				DAC1535C2BB8A1D000FD9A80 /* OverstableVC2.swift */,
				DAC1535E2BB8A1DA00FD9A80 /* OverstableVC3.swift */,
				DAC153602BB8A1E600FD9A80 /* OverstableVC4.swift */,
				DAC153622BB8A1F100FD9A80 /* OverstableVC5.swift */,
			);
			path = "Overstable VCs";
			sourceTree = "<group>";
		};
		DAD4820F2ACCFDB60051D89A /* Helpers */ = {
			isa = PBXGroup;
			children = (
				DA20B67B2B9541EF00841351 /* Custom Views */,
				DAEC3B5B2B83F64C00171A7C /* Banner Help */,
				DA22722D2B0A5088005A107C /* Charts */,
				DAD482102ACCFDCB0051D89A /* Constants.swift */,
				DA22721B2B05B713005A107C /* GridColorPicker.swift */,
				DAA30B112B64A2D700C533F3 /* AnimationHelper.swift */,
				DA20B6792B9172B000841351 /* ProgressBar.swift */,
			);
			path = Helpers;
			sourceTree = "<group>";
		};
		DADB72142AADFCDC0083B13B = {
			isa = PBXGroup;
			children = (
				DADB721F2AADFCDC0083B13B /* DiscGolfSearch */,
				DADB721E2AADFCDC0083B13B /* Products */,
			);
			sourceTree = "<group>";
		};
		DADB721E2AADFCDC0083B13B /* Products */ = {
			isa = PBXGroup;
			children = (
				DADB721D2AADFCDC0083B13B /* DiscGolfSearch.app */,
			);
			name = Products;
			sourceTree = "<group>";
		};
		DADB721F2AADFCDC0083B13B /* DiscGolfSearch */ = {
			isa = PBXGroup;
			children = (
				DABE00CA2AF7CE6600C2ABEB /* Services */,
				DAD4820F2ACCFDB60051D89A /* Helpers */,
				DADB72442AB69C3E0083B13B /* Views */,
				DADB72432AB69C280083B13B /* Models */,
				DADB72422AB69C160083B13B /* Managers */,
				DADB723F2AB3517D0083B13B /* Cells */,
				DADB723C2AB33F480083B13B /* Extensions */,
				DADB72202AADFCDC0083B13B /* AppDelegate.swift */,
				DADB72222AADFCDC0083B13B /* SceneDelegate.swift */,
				DADB72262AADFCDC0083B13B /* Main.storyboard */,
				DADB72292AADFCDF0083B13B /* Assets.xcassets */,
				DADB722B2AADFCDF0083B13B /* LaunchScreen.storyboard */,
				DADB722E2AADFCDF0083B13B /* Info.plist */,
				DADED48B2B1C201F00B9950D /* DiscGolfSearch.xcdatamodeld */,
			);
			path = DiscGolfSearch;
			sourceTree = "<group>";
		};
		DADB723C2AB33F480083B13B /* Extensions */ = {
			isa = PBXGroup;
			children = (
				DADB723D2AB33F630083B13B /* Data+Ext.swift */,
				DA363D3D2B0183960050840A /* Color+Ext.swift */,
				DAEE2C962B01D481005D289D /* ImageView+Ext.swift */,
				DA2272192B055BDC005A107C /* ViewController+Ext.swift */,
			);
			path = Extensions;
			sourceTree = "<group>";
		};
		DADB723F2AB3517D0083B13B /* Cells */ = {
			isa = PBXGroup;
			children = (
				DADB72382AAE0FD50083B13B /* BrandCell.swift */,
				DADB72402AB351AB0083B13B /* DiscCell.swift */,
				DADBE2532AC0CB8700E2095A /* SearchDiscCell.swift */,
				DA1DF4182B3A66B100CA783F /* DiscInBagCell.swift */,
			);
			path = Cells;
			sourceTree = "<group>";
		};
		DADB72422AB69C160083B13B /* Managers */ = {
			isa = PBXGroup;
			children = (
				DADB72362AAE051C0083B13B /* APIManager.swift */,
				DADF925A2B1EA74D00AD5378 /* CoreDataManager.swift */,
			);
			path = Managers;
			sourceTree = "<group>";
		};
		DADB72432AB69C280083B13B /* Models */ = {
			isa = PBXGroup;
			children = (
				DADB72342AADFD890083B13B /* Disc.swift */,
				DADBE24F2ABE00FA00E2095A /* DiscImageNames.swift */,
				DABE00CD2AF7CF6F00C2ABEB /* DiscSwiftDataModel.swift */,
				DA363D3B2B0181C10050840A /* BagDataModel.swift */,
				DA1DF4162B3A1C1C00CA783F /* DiscDataModel.swift */,
			);
			path = Models;
			sourceTree = "<group>";
		};
		DADB72442AB69C3E0083B13B /* Views */ = {
			isa = PBXGroup;
			children = (
				DAC153572BB89F5F00FD9A80 /* DiscInfoViews */,
				DA2272202B099AD4005A107C /* DiscViews */,
				DA363D332B016E5B0050840A /* Bag View */,
				DABE00D12AF9CE5600C2ABEB /* CartView */,
				DADB72242AADFCDC0083B13B /* ViewController.swift */,
			);
			path = Views;
			sourceTree = "<group>";
		};
		DAEC3B5B2B83F64C00171A7C /* Banner Help */ = {
			isa = PBXGroup;
			children = (
				DAEC3B592B83F4C400171A7C /* AlertPresenterProtocol.swift */,
				DAEC3B5C2B83F66C00171A7C /* AlertPresenter.swift */,
			);
			path = "Banner Help";
			sourceTree = "<group>";
		};
		DAEC3B5E2B85A0FB00171A7C /* DiscInBagInfo */ = {
			isa = PBXGroup;
			children = (
				DAEC3B612B85A23800171A7C /* DiscInBagInfo.storyboard */,
				DA6FE00C2B88093F00516F82 /* DiscInBagInfoViewController.swift */,
			);
			path = DiscInBagInfo;
			sourceTree = "<group>";
		};
		DAEE2C982B025B93005D289D /* Add Bag  */ = {
			isa = PBXGroup;
			children = (
				DAEE2C992B025BB6005D289D /* AddBag.storyboard */,
				DAEE2C9B2B025BC4005D289D /* AddBagViewController.swift */,
			);
			path = "Add Bag ";
			sourceTree = "<group>";
		};
/* End PBXGroup section */

/* Begin PBXNativeTarget section */
		DADB721C2AADFCDC0083B13B /* DiscGolfSearch */ = {
			isa = PBXNativeTarget;
			buildConfigurationList = DADB72312AADFCDF0083B13B /* Build configuration list for PBXNativeTarget "DiscGolfSearch" */;
			buildPhases = (
				DADB72192AADFCDC0083B13B /* Sources */,
				DADB721A2AADFCDC0083B13B /* Frameworks */,
				DADB721B2AADFCDC0083B13B /* Resources */,
				DA71532C2B5C8E7300413408 /* Embed Frameworks */,
			);
			buildRules = (
			);
			dependencies = (
			);
			name = DiscGolfSearch;
			packageProductDependencies = (
				DAEE2C8B2B01B89B005D289D /* DZNEmptyDataSet */,
				DAEE2C8E2B01B8AD005D289D /* Eureka */,
				DAEE2C912B01B8B6005D289D /* SwiftSpinner */,
				DAEC3B552B83F35600171A7C /* SwiftMessages */,
				DA9B7CD32BA7BD960040E44D /* Lottie */,
			);
			productName = DiscGolfSearch;
			productReference = DADB721D2AADFCDC0083B13B /* DiscGolfSearch.app */;
			productType = "com.apple.product-type.application";
		};
/* End PBXNativeTarget section */

/* Begin PBXProject section */
		DADB72152AADFCDC0083B13B /* Project object */ = {
			isa = PBXProject;
			attributes = {
				BuildIndependentTargetsInParallel = 1;
				LastSwiftUpdateCheck = 1500;
				LastUpgradeCheck = 1500;
				TargetAttributes = {
					DADB721C2AADFCDC0083B13B = {
						CreatedOnToolsVersion = 15.0;
					};
				};
			};
			buildConfigurationList = DADB72182AADFCDC0083B13B /* Build configuration list for PBXProject "DiscGolfSearch" */;
			compatibilityVersion = "Xcode 14.0";
			developmentRegion = en;
			hasScannedForEncodings = 0;
			knownRegions = (
				en,
				Base,
			);
			mainGroup = DADB72142AADFCDC0083B13B;
			packageReferences = (
				DAEE2C8A2B01B89B005D289D /* XCRemoteSwiftPackageReference "DZNEmptyDataSet" */,
				DAEE2C8D2B01B8AD005D289D /* XCRemoteSwiftPackageReference "Eureka" */,
				DAEE2C902B01B8B6005D289D /* XCRemoteSwiftPackageReference "SwiftSpinner" */,
				DAEC3B542B83F35500171A7C /* XCRemoteSwiftPackageReference "SwiftMessages" */,
				DA9B7CD22BA7BD960040E44D /* XCRemoteSwiftPackageReference "lottie-ios" */,
			);
			productRefGroup = DADB721E2AADFCDC0083B13B /* Products */;
			projectDirPath = "";
			projectRoot = "";
			targets = (
				DADB721C2AADFCDC0083B13B /* DiscGolfSearch */,
			);
		};
/* End PBXProject section */

/* Begin PBXResourcesBuildPhase section */
		DADB721B2AADFCDC0083B13B /* Resources */ = {
			isa = PBXResourcesBuildPhase;
			buildActionMask = 2147483647;
			files = (
				DADB722D2AADFCDF0083B13B /* LaunchScreen.storyboard in Resources */,
				DAEE2C9A2B025BB6005D289D /* AddBag.storyboard in Resources */,
				DA087FF12AEBD9D200248BAC /* AddDiscToView.xib in Resources */,
				DADB722A2AADFCDF0083B13B /* Assets.xcassets in Resources */,
				DAEC3B622B85A23800171A7C /* DiscInBagInfo.storyboard in Resources */,
				DADBE24C2ABCDBDF00E2095A /* DiscTypes.xib in Resources */,
				DAC153592BB89FC500FD9A80 /* StabilityInfo.storyboard in Resources */,
				DA22722A2B099D52005A107C /* AddDiscToBag.storyboard in Resources */,
				DADB72282AADFCDC0083B13B /* Main.storyboard in Resources */,
				DA1DF4112B39054400CA783F /* Bag.storyboard in Resources */,
			);
			runOnlyForDeploymentPostprocessing = 0;
		};
/* End PBXResourcesBuildPhase section */

/* Begin PBXSourcesBuildPhase section */
		DADB72192AADFCDC0083B13B /* Sources */ = {
			isa = PBXSourcesBuildPhase;
			buildActionMask = 2147483647;
			files = (
				DA087FF32AEBDBA600248BAC /* AddDiscToView.swift in Sources */,
				DAEC3B5A2B83F4C400171A7C /* AlertPresenterProtocol.swift in Sources */,
				DAD4820E2ACA4AEB0051D89A /* OverstablePageViewController.swift in Sources */,
				DADB72352AADFD890083B13B /* Disc.swift in Sources */,
				DADED48D2B1C201F00B9950D /* DiscGolfSearch.xcdatamodeld in Sources */,
				DADF925B2B1EA74D00AD5378 /* CoreDataManager.swift in Sources */,
				DAC153612BB8A1E600FD9A80 /* OverstableVC4.swift in Sources */,
				DAEE2C9C2B025BC4005D289D /* AddBagViewController.swift in Sources */,
				DA363D372B016EC30050840A /* BagListViewController.swift in Sources */,
				DADBE2522AC0C8C700E2095A /* SearchDiscViewController.swift in Sources */,
				DAC1535F2BB8A1DA00FD9A80 /* OverstableVC3.swift in Sources */,
				DA2272282B099C6E005A107C /* AddDiscToBagViewController.swift in Sources */,
				DA363D3C2B0181C10050840A /* BagDataModel.swift in Sources */,
				DAD482132ACE47D50051D89A /* FlightNumbersViewController.swift in Sources */,
				DA422C2D2B97F86600BBB1F7 /* ChartData.swift in Sources */,
				DA9B7CD72BAD0BDA0040E44D /* StableVC.swift in Sources */,
				DABE00D32AF9CE7A00C2ABEB /* CartTableViewCell.swift in Sources */,
				DABE00CC2AF7CE7800C2ABEB /* DiscDatabaseService.swift in Sources */,
				DA22721E2B08DC13005A107C /* BagDatabaseService.swift in Sources */,
				DA8172C42BB10969005D56E5 /* UnderstableVC.swift in Sources */,
				DA1DF4192B3A66B100CA783F /* DiscInBagCell.swift in Sources */,
				DADBE2502ABE00FA00E2095A /* DiscImageNames.swift in Sources */,
				DADB72462AB69C780083B13B /* DiscViewController.swift in Sources */,
				DA6FE00D2B88093F00516F82 /* DiscInBagInfoViewController.swift in Sources */,
				DAEE2C972B01D481005D289D /* ImageView+Ext.swift in Sources */,
				DADB72252AADFCDC0083B13B /* ViewController.swift in Sources */,
				DADBE2542AC0CB8700E2095A /* SearchDiscCell.swift in Sources */,
				DABE00CE2AF7CF6F00C2ABEB /* DiscSwiftDataModel.swift in Sources */,
				DA1DF4172B3A1C1C00CA783F /* DiscDataModel.swift in Sources */,
				DAD482112ACCFDCC0051D89A /* Constants.swift in Sources */,
				DADB72372AAE051C0083B13B /* APIManager.swift in Sources */,
				DA22721A2B055BDC005A107C /* ViewController+Ext.swift in Sources */,
				DA363D352B016EA20050840A /* BagListTableViewCell.swift in Sources */,
				DA363D3E2B0183960050840A /* Color+Ext.swift in Sources */,
				DADB72212AADFCDC0083B13B /* AppDelegate.swift in Sources */,
				DAC1535D2BB8A1D000FD9A80 /* OverstableVC2.swift in Sources */,
				DAEC3B5D2B83F66C00171A7C /* AlertPresenter.swift in Sources */,
				DADB72232AADFCDC0083B13B /* SceneDelegate.swift in Sources */,
				DADBE24E2ABDC42200E2095A /* DiscTypesView.swift in Sources */,
				DA1DF4132B3905DF00CA783F /* BagViewController.swift in Sources */,
				DA422C2A2B97F75100BBB1F7 /* OneDimensionalBar.swift in Sources */,
				DA20B67A2B9172B000841351 /* ProgressBar.swift in Sources */,
				DABE00D02AF8771B00C2ABEB /* CartViewController.swift in Sources */,
				DA20B67D2B95421B00841351 /* ImageHeaderSubheaderView.swift in Sources */,
				DAC1535B2BB8A1C200FD9A80 /* OverstableVC1.swift in Sources */,
				DAA30B122B64A2D700C533F3 /* AnimationHelper.swift in Sources */,
				DADB72392AAE0FD50083B13B /* BrandCell.swift in Sources */,
				DAC153632BB8A1F100FD9A80 /* OverstableVC5.swift in Sources */,
				DADB723B2AB32C780083B13B /* DiscListViewController.swift in Sources */,
				DADB723E2AB33F630083B13B /* Data+Ext.swift in Sources */,
				DADB72412AB351AB0083B13B /* DiscCell.swift in Sources */,
				DA22721C2B05B713005A107C /* GridColorPicker.swift in Sources */,
				DAFF75662B5D9FE100C11199 /* BagScatterGraph.swift in Sources */,
				DAA5A0992B5A0F43005BAE1C /* BagScatterGraphView.swift in Sources */,
			);
			runOnlyForDeploymentPostprocessing = 0;
		};
/* End PBXSourcesBuildPhase section */

/* Begin PBXVariantGroup section */
		DADB72262AADFCDC0083B13B /* Main.storyboard */ = {
			isa = PBXVariantGroup;
			children = (
				DADB72272AADFCDC0083B13B /* Base */,
			);
			name = Main.storyboard;
			sourceTree = "<group>";
		};
		DADB722B2AADFCDF0083B13B /* LaunchScreen.storyboard */ = {
			isa = PBXVariantGroup;
			children = (
				DADB722C2AADFCDF0083B13B /* Base */,
			);
			name = LaunchScreen.storyboard;
			sourceTree = "<group>";
		};
/* End PBXVariantGroup section */

/* Begin XCBuildConfiguration section */
		DADB722F2AADFCDF0083B13B /* Debug */ = {
			isa = XCBuildConfiguration;
			buildSettings = {
				ALWAYS_SEARCH_USER_PATHS = NO;
				ASSETCATALOG_COMPILER_GENERATE_SWIFT_ASSET_SYMBOL_EXTENSIONS = YES;
				CLANG_ANALYZER_NONNULL = YES;
				CLANG_ANALYZER_NUMBER_OBJECT_CONVERSION = YES_AGGRESSIVE;
				CLANG_CXX_LANGUAGE_STANDARD = "gnu++20";
				CLANG_ENABLE_MODULES = YES;
				CLANG_ENABLE_OBJC_ARC = YES;
				CLANG_ENABLE_OBJC_WEAK = YES;
				CLANG_WARN_BLOCK_CAPTURE_AUTORELEASING = YES;
				CLANG_WARN_BOOL_CONVERSION = YES;
				CLANG_WARN_COMMA = YES;
				CLANG_WARN_CONSTANT_CONVERSION = YES;
				CLANG_WARN_DEPRECATED_OBJC_IMPLEMENTATIONS = YES;
				CLANG_WARN_DIRECT_OBJC_ISA_USAGE = YES_ERROR;
				CLANG_WARN_DOCUMENTATION_COMMENTS = YES;
				CLANG_WARN_EMPTY_BODY = YES;
				CLANG_WARN_ENUM_CONVERSION = YES;
				CLANG_WARN_INFINITE_RECURSION = YES;
				CLANG_WARN_INT_CONVERSION = YES;
				CLANG_WARN_NON_LITERAL_NULL_CONVERSION = YES;
				CLANG_WARN_OBJC_IMPLICIT_RETAIN_SELF = YES;
				CLANG_WARN_OBJC_LITERAL_CONVERSION = YES;
				CLANG_WARN_OBJC_ROOT_CLASS = YES_ERROR;
				CLANG_WARN_QUOTED_INCLUDE_IN_FRAMEWORK_HEADER = YES;
				CLANG_WARN_RANGE_LOOP_ANALYSIS = YES;
				CLANG_WARN_STRICT_PROTOTYPES = YES;
				CLANG_WARN_SUSPICIOUS_MOVE = YES;
				CLANG_WARN_UNGUARDED_AVAILABILITY = YES_AGGRESSIVE;
				CLANG_WARN_UNREACHABLE_CODE = YES;
				CLANG_WARN__DUPLICATE_METHOD_MATCH = YES;
				COPY_PHASE_STRIP = NO;
				DEBUG_INFORMATION_FORMAT = dwarf;
				ENABLE_STRICT_OBJC_MSGSEND = YES;
				ENABLE_TESTABILITY = YES;
				ENABLE_USER_SCRIPT_SANDBOXING = YES;
				GCC_C_LANGUAGE_STANDARD = gnu17;
				GCC_DYNAMIC_NO_PIC = NO;
				GCC_NO_COMMON_BLOCKS = YES;
				GCC_OPTIMIZATION_LEVEL = 0;
				GCC_PREPROCESSOR_DEFINITIONS = (
					"DEBUG=1",
					"$(inherited)",
				);
				GCC_WARN_64_TO_32_BIT_CONVERSION = YES;
				GCC_WARN_ABOUT_RETURN_TYPE = YES_ERROR;
				GCC_WARN_UNDECLARED_SELECTOR = YES;
				GCC_WARN_UNINITIALIZED_AUTOS = YES_AGGRESSIVE;
				GCC_WARN_UNUSED_FUNCTION = YES;
				GCC_WARN_UNUSED_VARIABLE = YES;
				IPHONEOS_DEPLOYMENT_TARGET = 17.2;
				LOCALIZATION_PREFERS_STRING_CATALOGS = YES;
				MTL_ENABLE_DEBUG_INFO = INCLUDE_SOURCE;
				MTL_FAST_MATH = YES;
				ONLY_ACTIVE_ARCH = YES;
				SDKROOT = iphoneos;
				SWIFT_ACTIVE_COMPILATION_CONDITIONS = "DEBUG $(inherited)";
				SWIFT_OPTIMIZATION_LEVEL = "-Onone";
			};
			name = Debug;
		};
		DADB72302AADFCDF0083B13B /* Release */ = {
			isa = XCBuildConfiguration;
			buildSettings = {
				ALWAYS_SEARCH_USER_PATHS = NO;
				ASSETCATALOG_COMPILER_GENERATE_SWIFT_ASSET_SYMBOL_EXTENSIONS = YES;
				CLANG_ANALYZER_NONNULL = YES;
				CLANG_ANALYZER_NUMBER_OBJECT_CONVERSION = YES_AGGRESSIVE;
				CLANG_CXX_LANGUAGE_STANDARD = "gnu++20";
				CLANG_ENABLE_MODULES = YES;
				CLANG_ENABLE_OBJC_ARC = YES;
				CLANG_ENABLE_OBJC_WEAK = YES;
				CLANG_WARN_BLOCK_CAPTURE_AUTORELEASING = YES;
				CLANG_WARN_BOOL_CONVERSION = YES;
				CLANG_WARN_COMMA = YES;
				CLANG_WARN_CONSTANT_CONVERSION = YES;
				CLANG_WARN_DEPRECATED_OBJC_IMPLEMENTATIONS = YES;
				CLANG_WARN_DIRECT_OBJC_ISA_USAGE = YES_ERROR;
				CLANG_WARN_DOCUMENTATION_COMMENTS = YES;
				CLANG_WARN_EMPTY_BODY = YES;
				CLANG_WARN_ENUM_CONVERSION = YES;
				CLANG_WARN_INFINITE_RECURSION = YES;
				CLANG_WARN_INT_CONVERSION = YES;
				CLANG_WARN_NON_LITERAL_NULL_CONVERSION = YES;
				CLANG_WARN_OBJC_IMPLICIT_RETAIN_SELF = YES;
				CLANG_WARN_OBJC_LITERAL_CONVERSION = YES;
				CLANG_WARN_OBJC_ROOT_CLASS = YES_ERROR;
				CLANG_WARN_QUOTED_INCLUDE_IN_FRAMEWORK_HEADER = YES;
				CLANG_WARN_RANGE_LOOP_ANALYSIS = YES;
				CLANG_WARN_STRICT_PROTOTYPES = YES;
				CLANG_WARN_SUSPICIOUS_MOVE = YES;
				CLANG_WARN_UNGUARDED_AVAILABILITY = YES_AGGRESSIVE;
				CLANG_WARN_UNREACHABLE_CODE = YES;
				CLANG_WARN__DUPLICATE_METHOD_MATCH = YES;
				COPY_PHASE_STRIP = NO;
				DEBUG_INFORMATION_FORMAT = "dwarf-with-dsym";
				ENABLE_NS_ASSERTIONS = NO;
				ENABLE_STRICT_OBJC_MSGSEND = YES;
				ENABLE_USER_SCRIPT_SANDBOXING = YES;
				GCC_C_LANGUAGE_STANDARD = gnu17;
				GCC_NO_COMMON_BLOCKS = YES;
				GCC_WARN_64_TO_32_BIT_CONVERSION = YES;
				GCC_WARN_ABOUT_RETURN_TYPE = YES_ERROR;
				GCC_WARN_UNDECLARED_SELECTOR = YES;
				GCC_WARN_UNINITIALIZED_AUTOS = YES_AGGRESSIVE;
				GCC_WARN_UNUSED_FUNCTION = YES;
				GCC_WARN_UNUSED_VARIABLE = YES;
				IPHONEOS_DEPLOYMENT_TARGET = 17.2;
				LOCALIZATION_PREFERS_STRING_CATALOGS = YES;
				MTL_ENABLE_DEBUG_INFO = NO;
				MTL_FAST_MATH = YES;
				SDKROOT = iphoneos;
				SWIFT_COMPILATION_MODE = wholemodule;
				VALIDATE_PRODUCT = YES;
			};
			name = Release;
		};
		DADB72322AADFCDF0083B13B /* Debug */ = {
			isa = XCBuildConfiguration;
			buildSettings = {
				ASSETCATALOG_COMPILER_APPICON_NAME = AppIcon;
				ASSETCATALOG_COMPILER_GLOBAL_ACCENT_COLOR_NAME = AccentColor;
				CODE_SIGN_STYLE = Automatic;
				CURRENT_PROJECT_VERSION = 1;
				DEVELOPMENT_TEAM = R7SHSK6MNC;
				GENERATE_INFOPLIST_FILE = YES;
				INFOPLIST_FILE = DiscGolfSearch/Info.plist;
				INFOPLIST_KEY_LSApplicationCategoryType = "public.app-category.sports";
				INFOPLIST_KEY_UIApplicationSupportsIndirectInputEvents = YES;
				INFOPLIST_KEY_UILaunchStoryboardName = LaunchScreen;
				INFOPLIST_KEY_UIMainStoryboardFile = Main;
				INFOPLIST_KEY_UISupportedInterfaceOrientations_iPad = "UIInterfaceOrientationPortrait UIInterfaceOrientationPortraitUpsideDown UIInterfaceOrientationLandscapeLeft UIInterfaceOrientationLandscapeRight";
				INFOPLIST_KEY_UISupportedInterfaceOrientations_iPhone = "UIInterfaceOrientationPortrait UIInterfaceOrientationLandscapeLeft UIInterfaceOrientationLandscapeRight";
				IPHONEOS_DEPLOYMENT_TARGET = 17.2;
				LD_RUNPATH_SEARCH_PATHS = (
					"$(inherited)",
					"@executable_path/Frameworks",
				);
				MARKETING_VERSION = 1.0;
				PRODUCT_BUNDLE_IDENTIFIER = com.KinneyKare.DiscGolfSearch;
				PRODUCT_NAME = "$(TARGET_NAME)";
				SUPPORTED_PLATFORMS = "iphoneos iphonesimulator";
				SUPPORTS_MACCATALYST = NO;
				SUPPORTS_MAC_DESIGNED_FOR_IPHONE_IPAD = NO;
				SUPPORTS_XR_DESIGNED_FOR_IPHONE_IPAD = NO;
				SWIFT_EMIT_LOC_STRINGS = YES;
				SWIFT_VERSION = 5.0;
				TARGETED_DEVICE_FAMILY = "1,2";
			};
			name = Debug;
		};
		DADB72332AADFCDF0083B13B /* Release */ = {
			isa = XCBuildConfiguration;
			buildSettings = {
				ASSETCATALOG_COMPILER_APPICON_NAME = AppIcon;
				ASSETCATALOG_COMPILER_GLOBAL_ACCENT_COLOR_NAME = AccentColor;
				CODE_SIGN_STYLE = Automatic;
				CURRENT_PROJECT_VERSION = 1;
				DEVELOPMENT_TEAM = R7SHSK6MNC;
				GENERATE_INFOPLIST_FILE = YES;
				INFOPLIST_FILE = DiscGolfSearch/Info.plist;
				INFOPLIST_KEY_LSApplicationCategoryType = "public.app-category.sports";
				INFOPLIST_KEY_UIApplicationSupportsIndirectInputEvents = YES;
				INFOPLIST_KEY_UILaunchStoryboardName = LaunchScreen;
				INFOPLIST_KEY_UIMainStoryboardFile = Main;
				INFOPLIST_KEY_UISupportedInterfaceOrientations_iPad = "UIInterfaceOrientationPortrait UIInterfaceOrientationPortraitUpsideDown UIInterfaceOrientationLandscapeLeft UIInterfaceOrientationLandscapeRight";
				INFOPLIST_KEY_UISupportedInterfaceOrientations_iPhone = "UIInterfaceOrientationPortrait UIInterfaceOrientationLandscapeLeft UIInterfaceOrientationLandscapeRight";
				IPHONEOS_DEPLOYMENT_TARGET = 17.2;
				LD_RUNPATH_SEARCH_PATHS = (
					"$(inherited)",
					"@executable_path/Frameworks",
				);
				MARKETING_VERSION = 1.0;
				PRODUCT_BUNDLE_IDENTIFIER = com.KinneyKare.DiscGolfSearch;
				PRODUCT_NAME = "$(TARGET_NAME)";
				SUPPORTED_PLATFORMS = "iphoneos iphonesimulator";
				SUPPORTS_MACCATALYST = NO;
				SUPPORTS_MAC_DESIGNED_FOR_IPHONE_IPAD = NO;
				SUPPORTS_XR_DESIGNED_FOR_IPHONE_IPAD = NO;
				SWIFT_EMIT_LOC_STRINGS = YES;
				SWIFT_VERSION = 5.0;
				TARGETED_DEVICE_FAMILY = "1,2";
			};
			name = Release;
		};
/* End XCBuildConfiguration section */

/* Begin XCConfigurationList section */
		DADB72182AADFCDC0083B13B /* Build configuration list for PBXProject "DiscGolfSearch" */ = {
			isa = XCConfigurationList;
			buildConfigurations = (
				DADB722F2AADFCDF0083B13B /* Debug */,
				DADB72302AADFCDF0083B13B /* Release */,
			);
			defaultConfigurationIsVisible = 0;
			defaultConfigurationName = Release;
		};
		DADB72312AADFCDF0083B13B /* Build configuration list for PBXNativeTarget "DiscGolfSearch" */ = {
			isa = XCConfigurationList;
			buildConfigurations = (
				DADB72322AADFCDF0083B13B /* Debug */,
				DADB72332AADFCDF0083B13B /* Release */,
			);
			defaultConfigurationIsVisible = 0;
			defaultConfigurationName = Release;
		};
/* End XCConfigurationList section */

/* Begin XCRemoteSwiftPackageReference section */
		DA9B7CD22BA7BD960040E44D /* XCRemoteSwiftPackageReference "lottie-ios" */ = {
			isa = XCRemoteSwiftPackageReference;
			repositoryURL = "https://github.com/airbnb/lottie-ios.git";
			requirement = {
				kind = upToNextMajorVersion;
				minimumVersion = 4.4.1;
			};
		};
		DAEC3B542B83F35500171A7C /* XCRemoteSwiftPackageReference "SwiftMessages" */ = {
			isa = XCRemoteSwiftPackageReference;
			repositoryURL = "https://github.com/SwiftKickMobile/SwiftMessages";
			requirement = {
				kind = upToNextMajorVersion;
				minimumVersion = 10.0.0;
			};
		};
		DAEE2C8A2B01B89B005D289D /* XCRemoteSwiftPackageReference "DZNEmptyDataSet" */ = {
			isa = XCRemoteSwiftPackageReference;
			repositoryURL = "https://github.com/dzenbot/DZNEmptyDataSet";
			requirement = {
				branch = master;
				kind = branch;
			};
		};
		DAEE2C8D2B01B8AD005D289D /* XCRemoteSwiftPackageReference "Eureka" */ = {
			isa = XCRemoteSwiftPackageReference;
			repositoryURL = "https://github.com/xmartlabs/Eureka.git";
			requirement = {
				kind = upToNextMajorVersion;
				minimumVersion = 5.4.0;
			};
		};
		DAEE2C902B01B8B6005D289D /* XCRemoteSwiftPackageReference "SwiftSpinner" */ = {
			isa = XCRemoteSwiftPackageReference;
			repositoryURL = "https://github.com/icanzilb/SwiftSpinner";
			requirement = {
				kind = upToNextMajorVersion;
				minimumVersion = 2.2.0;
			};
		};
/* End XCRemoteSwiftPackageReference section */

/* Begin XCSwiftPackageProductDependency section */
		DA9B7CD32BA7BD960040E44D /* Lottie */ = {
			isa = XCSwiftPackageProductDependency;
			package = DA9B7CD22BA7BD960040E44D /* XCRemoteSwiftPackageReference "lottie-ios" */;
			productName = Lottie;
		};
		DAEC3B552B83F35600171A7C /* SwiftMessages */ = {
			isa = XCSwiftPackageProductDependency;
			package = DAEC3B542B83F35500171A7C /* XCRemoteSwiftPackageReference "SwiftMessages" */;
			productName = SwiftMessages;
		};
		DAEE2C8B2B01B89B005D289D /* DZNEmptyDataSet */ = {
			isa = XCSwiftPackageProductDependency;
			package = DAEE2C8A2B01B89B005D289D /* XCRemoteSwiftPackageReference "DZNEmptyDataSet" */;
			productName = DZNEmptyDataSet;
		};
		DAEE2C8E2B01B8AD005D289D /* Eureka */ = {
			isa = XCSwiftPackageProductDependency;
			package = DAEE2C8D2B01B8AD005D289D /* XCRemoteSwiftPackageReference "Eureka" */;
			productName = Eureka;
		};
		DAEE2C912B01B8B6005D289D /* SwiftSpinner */ = {
			isa = XCSwiftPackageProductDependency;
			package = DAEE2C902B01B8B6005D289D /* XCRemoteSwiftPackageReference "SwiftSpinner" */;
			productName = SwiftSpinner;
		};
/* End XCSwiftPackageProductDependency section */

/* Begin XCVersionGroup section */
		DADED48B2B1C201F00B9950D /* DiscGolfSearch.xcdatamodeld */ = {
			isa = XCVersionGroup;
			children = (
				DADED48C2B1C201F00B9950D /* DiscGolfSearch.xcdatamodel */,
			);
			currentVersion = DADED48C2B1C201F00B9950D /* DiscGolfSearch.xcdatamodel */;
			path = DiscGolfSearch.xcdatamodeld;
			sourceTree = "<group>";
			versionGroupType = wrapper.xcdatamodel;
		};
/* End XCVersionGroup section */
	};
	rootObject = DADB72152AADFCDC0083B13B /* Project object */;
}
