// !$*UTF8*$!
{
	archiveVersion = 1;
	classes = {
	};
	objectVersion = 56;
	objects = {

/* Begin PBXBuildFile section */
		DA18B73B2AC1310C00A02B89 /* SwiftSpinner in Frameworks */ = {isa = PBXBuildFile; productRef = DA18B73A2AC1310C00A02B89 /* SwiftSpinner */; };
		DAD4820E2ACA4AEB0051D89A /* StabilityViewController.swift in Sources */ = {isa = PBXBuildFile; fileRef = DAD4820D2ACA4AEB0051D89A /* StabilityViewController.swift */; };
		DAD482112ACCFDCC0051D89A /* Constants.swift in Sources */ = {isa = PBXBuildFile; fileRef = DAD482102ACCFDCB0051D89A /* Constants.swift */; };
		DAD482132ACE47D50051D89A /* FlightNumbersViewController.swift in Sources */ = {isa = PBXBuildFile; fileRef = DAD482122ACE47D50051D89A /* FlightNumbersViewController.swift */; };
		DADB72212AADFCDC0083B13B /* AppDelegate.swift in Sources */ = {isa = PBXBuildFile; fileRef = DADB72202AADFCDC0083B13B /* AppDelegate.swift */; };
		DADB72232AADFCDC0083B13B /* SceneDelegate.swift in Sources */ = {isa = PBXBuildFile; fileRef = DADB72222AADFCDC0083B13B /* SceneDelegate.swift */; };
		DADB72252AADFCDC0083B13B /* ViewController.swift in Sources */ = {isa = PBXBuildFile; fileRef = DADB72242AADFCDC0083B13B /* ViewController.swift */; };
		DADB72282AADFCDC0083B13B /* Main.storyboard in Resources */ = {isa = PBXBuildFile; fileRef = DADB72262AADFCDC0083B13B /* Main.storyboard */; };
		DADB722A2AADFCDF0083B13B /* Assets.xcassets in Resources */ = {isa = PBXBuildFile; fileRef = DADB72292AADFCDF0083B13B /* Assets.xcassets */; };
		DADB722D2AADFCDF0083B13B /* LaunchScreen.storyboard in Resources */ = {isa = PBXBuildFile; fileRef = DADB722B2AADFCDF0083B13B /* LaunchScreen.storyboard */; };
		DADB72352AADFD890083B13B /* Disc.swift in Sources */ = {isa = PBXBuildFile; fileRef = DADB72342AADFD890083B13B /* Disc.swift */; };
		DADB72372AAE051C0083B13B /* APIManager.swift in Sources */ = {isa = PBXBuildFile; fileRef = DADB72362AAE051C0083B13B /* APIManager.swift */; };
		DADB72392AAE0FD50083B13B /* BrandCell.swift in Sources */ = {isa = PBXBuildFile; fileRef = DADB72382AAE0FD50083B13B /* BrandCell.swift */; };
		DADB723B2AB32C780083B13B /* DiscListViewController.swift in Sources */ = {isa = PBXBuildFile; fileRef = DADB723A2AB32C780083B13B /* DiscListViewController.swift */; };
		DADB723E2AB33F630083B13B /* Data+Ext.swift in Sources */ = {isa = PBXBuildFile; fileRef = DADB723D2AB33F630083B13B /* Data+Ext.swift */; };
		DADB72412AB351AB0083B13B /* DiscCell.swift in Sources */ = {isa = PBXBuildFile; fileRef = DADB72402AB351AB0083B13B /* DiscCell.swift */; };
		DADB72462AB69C780083B13B /* DiscViewController.swift in Sources */ = {isa = PBXBuildFile; fileRef = DADB72452AB69C780083B13B /* DiscViewController.swift */; };
		DADBE24C2ABCDBDF00E2095A /* DiscTypes.xib in Resources */ = {isa = PBXBuildFile; fileRef = DADBE24B2ABCDBDF00E2095A /* DiscTypes.xib */; };
		DADBE24E2ABDC42200E2095A /* DiscTypesView.swift in Sources */ = {isa = PBXBuildFile; fileRef = DADBE24D2ABDC42200E2095A /* DiscTypesView.swift */; };
		DADBE2502ABE00FA00E2095A /* DiscImageNames.swift in Sources */ = {isa = PBXBuildFile; fileRef = DADBE24F2ABE00FA00E2095A /* DiscImageNames.swift */; };
		DADBE2522AC0C8C700E2095A /* SearchDiscViewController.swift in Sources */ = {isa = PBXBuildFile; fileRef = DADBE2512AC0C8C700E2095A /* SearchDiscViewController.swift */; };
		DADBE2542AC0CB8700E2095A /* SearchDiscCell.swift in Sources */ = {isa = PBXBuildFile; fileRef = DADBE2532AC0CB8700E2095A /* SearchDiscCell.swift */; };
/* End PBXBuildFile section */

/* Begin PBXFileReference section */
		DAD4820D2ACA4AEB0051D89A /* StabilityViewController.swift */ = {isa = PBXFileReference; lastKnownFileType = sourcecode.swift; path = StabilityViewController.swift; sourceTree = "<group>"; };
		DAD482102ACCFDCB0051D89A /* Constants.swift */ = {isa = PBXFileReference; lastKnownFileType = sourcecode.swift; path = Constants.swift; sourceTree = "<group>"; };
		DAD482122ACE47D50051D89A /* FlightNumbersViewController.swift */ = {isa = PBXFileReference; lastKnownFileType = sourcecode.swift; path = FlightNumbersViewController.swift; sourceTree = "<group>"; };
		DADB721D2AADFCDC0083B13B /* DiscGolfSearch.app */ = {isa = PBXFileReference; explicitFileType = wrapper.application; includeInIndex = 0; path = DiscGolfSearch.app; sourceTree = BUILT_PRODUCTS_DIR; };
		DADB72202AADFCDC0083B13B /* AppDelegate.swift */ = {isa = PBXFileReference; lastKnownFileType = sourcecode.swift; path = AppDelegate.swift; sourceTree = "<group>"; };
		DADB72222AADFCDC0083B13B /* SceneDelegate.swift */ = {isa = PBXFileReference; lastKnownFileType = sourcecode.swift; path = SceneDelegate.swift; sourceTree = "<group>"; };
		DADB72242AADFCDC0083B13B /* ViewController.swift */ = {isa = PBXFileReference; lastKnownFileType = sourcecode.swift; path = ViewController.swift; sourceTree = "<group>"; };
		DADB72272AADFCDC0083B13B /* Base */ = {isa = PBXFileReference; lastKnownFileType = file.storyboard; name = Base; path = Base.lproj/Main.storyboard; sourceTree = "<group>"; };
		DADB72292AADFCDF0083B13B /* Assets.xcassets */ = {isa = PBXFileReference; lastKnownFileType = folder.assetcatalog; path = Assets.xcassets; sourceTree = "<group>"; };
		DADB722C2AADFCDF0083B13B /* Base */ = {isa = PBXFileReference; lastKnownFileType = file.storyboard; name = Base; path = Base.lproj/LaunchScreen.storyboard; sourceTree = "<group>"; };
		DADB722E2AADFCDF0083B13B /* Info.plist */ = {isa = PBXFileReference; lastKnownFileType = text.plist.xml; path = Info.plist; sourceTree = "<group>"; };
		DADB72342AADFD890083B13B /* Disc.swift */ = {isa = PBXFileReference; lastKnownFileType = sourcecode.swift; path = Disc.swift; sourceTree = "<group>"; };
		DADB72362AAE051C0083B13B /* APIManager.swift */ = {isa = PBXFileReference; lastKnownFileType = sourcecode.swift; path = APIManager.swift; sourceTree = "<group>"; };
		DADB72382AAE0FD50083B13B /* BrandCell.swift */ = {isa = PBXFileReference; lastKnownFileType = sourcecode.swift; path = BrandCell.swift; sourceTree = "<group>"; };
		DADB723A2AB32C780083B13B /* DiscListViewController.swift */ = {isa = PBXFileReference; lastKnownFileType = sourcecode.swift; path = DiscListViewController.swift; sourceTree = "<group>"; };
		DADB723D2AB33F630083B13B /* Data+Ext.swift */ = {isa = PBXFileReference; lastKnownFileType = sourcecode.swift; path = "Data+Ext.swift"; sourceTree = "<group>"; };
		DADB72402AB351AB0083B13B /* DiscCell.swift */ = {isa = PBXFileReference; lastKnownFileType = sourcecode.swift; path = DiscCell.swift; sourceTree = "<group>"; };
		DADB72452AB69C780083B13B /* DiscViewController.swift */ = {isa = PBXFileReference; lastKnownFileType = sourcecode.swift; path = DiscViewController.swift; sourceTree = "<group>"; };
		DADBE24B2ABCDBDF00E2095A /* DiscTypes.xib */ = {isa = PBXFileReference; lastKnownFileType = file.xib; path = DiscTypes.xib; sourceTree = "<group>"; };
		DADBE24D2ABDC42200E2095A /* DiscTypesView.swift */ = {isa = PBXFileReference; lastKnownFileType = sourcecode.swift; path = DiscTypesView.swift; sourceTree = "<group>"; };
		DADBE24F2ABE00FA00E2095A /* DiscImageNames.swift */ = {isa = PBXFileReference; lastKnownFileType = sourcecode.swift; path = DiscImageNames.swift; sourceTree = "<group>"; };
		DADBE2512AC0C8C700E2095A /* SearchDiscViewController.swift */ = {isa = PBXFileReference; lastKnownFileType = sourcecode.swift; path = SearchDiscViewController.swift; sourceTree = "<group>"; };
		DADBE2532AC0CB8700E2095A /* SearchDiscCell.swift */ = {isa = PBXFileReference; lastKnownFileType = sourcecode.swift; path = SearchDiscCell.swift; sourceTree = "<group>"; };
/* End PBXFileReference section */

/* Begin PBXFrameworksBuildPhase section */
		DADB721A2AADFCDC0083B13B /* Frameworks */ = {
			isa = PBXFrameworksBuildPhase;
			buildActionMask = 2147483647;
			files = (
				DA18B73B2AC1310C00A02B89 /* SwiftSpinner in Frameworks */,
			);
			runOnlyForDeploymentPostprocessing = 0;
		};
/* End PBXFrameworksBuildPhase section */

/* Begin PBXGroup section */
		DAD4820F2ACCFDB60051D89A /* Helpers */ = {
			isa = PBXGroup;
			children = (
				DAD482102ACCFDCB0051D89A /* Constants.swift */,
			);
			path = Helpers;
			sourceTree = "<group>";
		};
		DADB72142AADFCDC0083B13B = {
			isa = PBXGroup;
			children = (
				DADB721F2AADFCDC0083B13B /* DiscGolfSearch */,
				DADB721E2AADFCDC0083B13B /* Products */,
			);
			sourceTree = "<group>";
		};
		DADB721E2AADFCDC0083B13B /* Products */ = {
			isa = PBXGroup;
			children = (
				DADB721D2AADFCDC0083B13B /* DiscGolfSearch.app */,
			);
			name = Products;
			sourceTree = "<group>";
		};
		DADB721F2AADFCDC0083B13B /* DiscGolfSearch */ = {
			isa = PBXGroup;
			children = (
				DADB72442AB69C3E0083B13B /* Views */,
				DADB72432AB69C280083B13B /* Models */,
				DADB72422AB69C160083B13B /* Managers */,
				DADB723F2AB3517D0083B13B /* Cells */,
				DADB723C2AB33F480083B13B /* Extensions */,
				DADB72202AADFCDC0083B13B /* AppDelegate.swift */,
				DADB72222AADFCDC0083B13B /* SceneDelegate.swift */,
				DADB72262AADFCDC0083B13B /* Main.storyboard */,
				DADB72292AADFCDF0083B13B /* Assets.xcassets */,
				DADB722B2AADFCDF0083B13B /* LaunchScreen.storyboard */,
				DADB722E2AADFCDF0083B13B /* Info.plist */,
			);
			path = DiscGolfSearch;
			sourceTree = "<group>";
		};
		DADB723C2AB33F480083B13B /* Extensions */ = {
			isa = PBXGroup;
			children = (
				DADB723D2AB33F630083B13B /* Data+Ext.swift */,
			);
			path = Extensions;
			sourceTree = "<group>";
		};
		DADB723F2AB3517D0083B13B /* Cells */ = {
			isa = PBXGroup;
			children = (
				DADB72382AAE0FD50083B13B /* BrandCell.swift */,
				DADB72402AB351AB0083B13B /* DiscCell.swift */,
				DADBE2532AC0CB8700E2095A /* SearchDiscCell.swift */,
			);
			path = Cells;
			sourceTree = "<group>";
		};
		DADB72422AB69C160083B13B /* Managers */ = {
			isa = PBXGroup;
			children = (
				DADB72362AAE051C0083B13B /* APIManager.swift */,
			);
			path = Managers;
			sourceTree = "<group>";
		};
		DADB72432AB69C280083B13B /* Models */ = {
			isa = PBXGroup;
			children = (
				DADB72342AADFD890083B13B /* Disc.swift */,
				DADBE24F2ABE00FA00E2095A /* DiscImageNames.swift */,
			);
			path = Models;
			sourceTree = "<group>";
		};
		DADB72442AB69C3E0083B13B /* Views */ = {
			isa = PBXGroup;
			children = (
				DAD4820F2ACCFDB60051D89A /* Helpers */,
				DADB72242AADFCDC0083B13B /* ViewController.swift */,
				DADB723A2AB32C780083B13B /* DiscListViewController.swift */,
				DADB72452AB69C780083B13B /* DiscViewController.swift */,
				DADBE24B2ABCDBDF00E2095A /* DiscTypes.xib */,
				DADBE24D2ABDC42200E2095A /* DiscTypesView.swift */,
				DADBE2512AC0C8C700E2095A /* SearchDiscViewController.swift */,
				DAD4820D2ACA4AEB0051D89A /* StabilityViewController.swift */,
				DAD482122ACE47D50051D89A /* FlightNumbersViewController.swift */,
			);
			path = Views;
			sourceTree = "<group>";
		};
/* End PBXGroup section */

/* Begin PBXNativeTarget section */
		DADB721C2AADFCDC0083B13B /* DiscGolfSearch */ = {
			isa = PBXNativeTarget;
			buildConfigurationList = DADB72312AADFCDF0083B13B /* Build configuration list for PBXNativeTarget "DiscGolfSearch" */;
			buildPhases = (
				DADB72192AADFCDC0083B13B /* Sources */,
				DADB721A2AADFCDC0083B13B /* Frameworks */,
				DADB721B2AADFCDC0083B13B /* Resources */,
			);
			buildRules = (
			);
			dependencies = (
			);
			name = DiscGolfSearch;
			packageProductDependencies = (
				DA18B73A2AC1310C00A02B89 /* SwiftSpinner */,
			);
			productName = DiscGolfSearch;
			productReference = DADB721D2AADFCDC0083B13B /* DiscGolfSearch.app */;
			productType = "com.apple.product-type.application";
		};
/* End PBXNativeTarget section */

/* Begin PBXProject section */
		DADB72152AADFCDC0083B13B /* Project object */ = {
			isa = PBXProject;
			attributes = {
				BuildIndependentTargetsInParallel = 1;
				LastSwiftUpdateCheck = 1500;
				LastUpgradeCheck = 1500;
				TargetAttributes = {
					DADB721C2AADFCDC0083B13B = {
						CreatedOnToolsVersion = 15.0;
					};
				};
			};
			buildConfigurationList = DADB72182AADFCDC0083B13B /* Build configuration list for PBXProject "DiscGolfSearch" */;
			compatibilityVersion = "Xcode 14.0";
			developmentRegion = en;
			hasScannedForEncodings = 0;
			knownRegions = (
				en,
				Base,
			);
			mainGroup = DADB72142AADFCDC0083B13B;
			packageReferences = (
				DA18B7392AC1310B00A02B89 /* XCRemoteSwiftPackageReference "SwiftSpinner" */,
			);
			productRefGroup = DADB721E2AADFCDC0083B13B /* Products */;
			projectDirPath = "";
			projectRoot = "";
			targets = (
				DADB721C2AADFCDC0083B13B /* DiscGolfSearch */,
			);
		};
/* End PBXProject section */

/* Begin PBXResourcesBuildPhase section */
		DADB721B2AADFCDC0083B13B /* Resources */ = {
			isa = PBXResourcesBuildPhase;
			buildActionMask = 2147483647;
			files = (
				DADB722D2AADFCDF0083B13B /* LaunchScreen.storyboard in Resources */,
				DADB722A2AADFCDF0083B13B /* Assets.xcassets in Resources */,
				DADBE24C2ABCDBDF00E2095A /* DiscTypes.xib in Resources */,
				DADB72282AADFCDC0083B13B /* Main.storyboard in Resources */,
			);
			runOnlyForDeploymentPostprocessing = 0;
		};
/* End PBXResourcesBuildPhase section */

/* Begin PBXSourcesBuildPhase section */
		DADB72192AADFCDC0083B13B /* Sources */ = {
			isa = PBXSourcesBuildPhase;
			buildActionMask = 2147483647;
			files = (
				DAD4820E2ACA4AEB0051D89A /* StabilityViewController.swift in Sources */,
				DADB72352AADFD890083B13B /* Disc.swift in Sources */,
				DADBE2522AC0C8C700E2095A /* SearchDiscViewController.swift in Sources */,
				DAD482132ACE47D50051D89A /* FlightNumbersViewController.swift in Sources */,
				DADBE2502ABE00FA00E2095A /* DiscImageNames.swift in Sources */,
				DADB72462AB69C780083B13B /* DiscViewController.swift in Sources */,
				DADB72252AADFCDC0083B13B /* ViewController.swift in Sources */,
				DADBE2542AC0CB8700E2095A /* SearchDiscCell.swift in Sources */,
				DAD482112ACCFDCC0051D89A /* Constants.swift in Sources */,
				DADB72372AAE051C0083B13B /* APIManager.swift in Sources */,
				DADB72212AADFCDC0083B13B /* AppDelegate.swift in Sources */,
				DADB72232AADFCDC0083B13B /* SceneDelegate.swift in Sources */,
				DADBE24E2ABDC42200E2095A /* DiscTypesView.swift in Sources */,
				DADB72392AAE0FD50083B13B /* BrandCell.swift in Sources */,
				DADB723B2AB32C780083B13B /* DiscListViewController.swift in Sources */,
				DADB723E2AB33F630083B13B /* Data+Ext.swift in Sources */,
				DADB72412AB351AB0083B13B /* DiscCell.swift in Sources */,
			);
			runOnlyForDeploymentPostprocessing = 0;
		};
/* End PBXSourcesBuildPhase section */

/* Begin PBXVariantGroup section */
		DADB72262AADFCDC0083B13B /* Main.storyboard */ = {
			isa = PBXVariantGroup;
			children = (
				DADB72272AADFCDC0083B13B /* Base */,
			);
			name = Main.storyboard;
			sourceTree = "<group>";
		};
		DADB722B2AADFCDF0083B13B /* LaunchScreen.storyboard */ = {
			isa = PBXVariantGroup;
			children = (
				DADB722C2AADFCDF0083B13B /* Base */,
			);
			name = LaunchScreen.storyboard;
			sourceTree = "<group>";
		};
/* End PBXVariantGroup section */

/* Begin XCBuildConfiguration section */
		DADB722F2AADFCDF0083B13B /* Debug */ = {
			isa = XCBuildConfiguration;
			buildSettings = {
				ALWAYS_SEARCH_USER_PATHS = NO;
				ASSETCATALOG_COMPILER_GENERATE_SWIFT_ASSET_SYMBOL_EXTENSIONS = YES;
				CLANG_ANALYZER_NONNULL = YES;
				CLANG_ANALYZER_NUMBER_OBJECT_CONVERSION = YES_AGGRESSIVE;
				CLANG_CXX_LANGUAGE_STANDARD = "gnu++20";
				CLANG_ENABLE_MODULES = YES;
				CLANG_ENABLE_OBJC_ARC = YES;
				CLANG_ENABLE_OBJC_WEAK = YES;
				CLANG_WARN_BLOCK_CAPTURE_AUTORELEASING = YES;
				CLANG_WARN_BOOL_CONVERSION = YES;
				CLANG_WARN_COMMA = YES;
				CLANG_WARN_CONSTANT_CONVERSION = YES;
				CLANG_WARN_DEPRECATED_OBJC_IMPLEMENTATIONS = YES;
				CLANG_WARN_DIRECT_OBJC_ISA_USAGE = YES_ERROR;
				CLANG_WARN_DOCUMENTATION_COMMENTS = YES;
				CLANG_WARN_EMPTY_BODY = YES;
				CLANG_WARN_ENUM_CONVERSION = YES;
				CLANG_WARN_INFINITE_RECURSION = YES;
				CLANG_WARN_INT_CONVERSION = YES;
				CLANG_WARN_NON_LITERAL_NULL_CONVERSION = YES;
				CLANG_WARN_OBJC_IMPLICIT_RETAIN_SELF = YES;
				CLANG_WARN_OBJC_LITERAL_CONVERSION = YES;
				CLANG_WARN_OBJC_ROOT_CLASS = YES_ERROR;
				CLANG_WARN_QUOTED_INCLUDE_IN_FRAMEWORK_HEADER = YES;
				CLANG_WARN_RANGE_LOOP_ANALYSIS = YES;
				CLANG_WARN_STRICT_PROTOTYPES = YES;
				CLANG_WARN_SUSPICIOUS_MOVE = YES;
				CLANG_WARN_UNGUARDED_AVAILABILITY = YES_AGGRESSIVE;
				CLANG_WARN_UNREACHABLE_CODE = YES;
				CLANG_WARN__DUPLICATE_METHOD_MATCH = YES;
				COPY_PHASE_STRIP = NO;
				DEBUG_INFORMATION_FORMAT = dwarf;
				ENABLE_STRICT_OBJC_MSGSEND = YES;
				ENABLE_TESTABILITY = YES;
				ENABLE_USER_SCRIPT_SANDBOXING = YES;
				GCC_C_LANGUAGE_STANDARD = gnu17;
				GCC_DYNAMIC_NO_PIC = NO;
				GCC_NO_COMMON_BLOCKS = YES;
				GCC_OPTIMIZATION_LEVEL = 0;
				GCC_PREPROCESSOR_DEFINITIONS = (
					"DEBUG=1",
					"$(inherited)",
				);
				GCC_WARN_64_TO_32_BIT_CONVERSION = YES;
				GCC_WARN_ABOUT_RETURN_TYPE = YES_ERROR;
				GCC_WARN_UNDECLARED_SELECTOR = YES;
				GCC_WARN_UNINITIALIZED_AUTOS = YES_AGGRESSIVE;
				GCC_WARN_UNUSED_FUNCTION = YES;
				GCC_WARN_UNUSED_VARIABLE = YES;
				IPHONEOS_DEPLOYMENT_TARGET = 17.0;
				LOCALIZATION_PREFERS_STRING_CATALOGS = YES;
				MTL_ENABLE_DEBUG_INFO = INCLUDE_SOURCE;
				MTL_FAST_MATH = YES;
				ONLY_ACTIVE_ARCH = YES;
				SDKROOT = iphoneos;
				SWIFT_ACTIVE_COMPILATION_CONDITIONS = "DEBUG $(inherited)";
				SWIFT_OPTIMIZATION_LEVEL = "-Onone";
			};
			name = Debug;
		};
		DADB72302AADFCDF0083B13B /* Release */ = {
			isa = XCBuildConfiguration;
			buildSettings = {
				ALWAYS_SEARCH_USER_PATHS = NO;
				ASSETCATALOG_COMPILER_GENERATE_SWIFT_ASSET_SYMBOL_EXTENSIONS = YES;
				CLANG_ANALYZER_NONNULL = YES;
				CLANG_ANALYZER_NUMBER_OBJECT_CONVERSION = YES_AGGRESSIVE;
				CLANG_CXX_LANGUAGE_STANDARD = "gnu++20";
				CLANG_ENABLE_MODULES = YES;
				CLANG_ENABLE_OBJC_ARC = YES;
				CLANG_ENABLE_OBJC_WEAK = YES;
				CLANG_WARN_BLOCK_CAPTURE_AUTORELEASING = YES;
				CLANG_WARN_BOOL_CONVERSION = YES;
				CLANG_WARN_COMMA = YES;
				CLANG_WARN_CONSTANT_CONVERSION = YES;
				CLANG_WARN_DEPRECATED_OBJC_IMPLEMENTATIONS = YES;
				CLANG_WARN_DIRECT_OBJC_ISA_USAGE = YES_ERROR;
				CLANG_WARN_DOCUMENTATION_COMMENTS = YES;
				CLANG_WARN_EMPTY_BODY = YES;
				CLANG_WARN_ENUM_CONVERSION = YES;
				CLANG_WARN_INFINITE_RECURSION = YES;
				CLANG_WARN_INT_CONVERSION = YES;
				CLANG_WARN_NON_LITERAL_NULL_CONVERSION = YES;
				CLANG_WARN_OBJC_IMPLICIT_RETAIN_SELF = YES;
				CLANG_WARN_OBJC_LITERAL_CONVERSION = YES;
				CLANG_WARN_OBJC_ROOT_CLASS = YES_ERROR;
				CLANG_WARN_QUOTED_INCLUDE_IN_FRAMEWORK_HEADER = YES;
				CLANG_WARN_RANGE_LOOP_ANALYSIS = YES;
				CLANG_WARN_STRICT_PROTOTYPES = YES;
				CLANG_WARN_SUSPICIOUS_MOVE = YES;
				CLANG_WARN_UNGUARDED_AVAILABILITY = YES_AGGRESSIVE;
				CLANG_WARN_UNREACHABLE_CODE = YES;
				CLANG_WARN__DUPLICATE_METHOD_MATCH = YES;
				COPY_PHASE_STRIP = NO;
				DEBUG_INFORMATION_FORMAT = "dwarf-with-dsym";
				ENABLE_NS_ASSERTIONS = NO;
				ENABLE_STRICT_OBJC_MSGSEND = YES;
				ENABLE_USER_SCRIPT_SANDBOXING = YES;
				GCC_C_LANGUAGE_STANDARD = gnu17;
				GCC_NO_COMMON_BLOCKS = YES;
				GCC_WARN_64_TO_32_BIT_CONVERSION = YES;
				GCC_WARN_ABOUT_RETURN_TYPE = YES_ERROR;
				GCC_WARN_UNDECLARED_SELECTOR = YES;
				GCC_WARN_UNINITIALIZED_AUTOS = YES_AGGRESSIVE;
				GCC_WARN_UNUSED_FUNCTION = YES;
				GCC_WARN_UNUSED_VARIABLE = YES;
				IPHONEOS_DEPLOYMENT_TARGET = 17.0;
				LOCALIZATION_PREFERS_STRING_CATALOGS = YES;
				MTL_ENABLE_DEBUG_INFO = NO;
				MTL_FAST_MATH = YES;
				SDKROOT = iphoneos;
				SWIFT_COMPILATION_MODE = wholemodule;
				VALIDATE_PRODUCT = YES;
			};
			name = Release;
		};
		DADB72322AADFCDF0083B13B /* Debug */ = {
			isa = XCBuildConfiguration;
			buildSettings = {
				ASSETCATALOG_COMPILER_APPICON_NAME = AppIcon;
				ASSETCATALOG_COMPILER_GLOBAL_ACCENT_COLOR_NAME = AccentColor;
				CODE_SIGN_STYLE = Automatic;
				CURRENT_PROJECT_VERSION = 1;
				DEVELOPMENT_TEAM = R7SHSK6MNC;
				GENERATE_INFOPLIST_FILE = YES;
				INFOPLIST_FILE = DiscGolfSearch/Info.plist;
				INFOPLIST_KEY_UIApplicationSupportsIndirectInputEvents = YES;
				INFOPLIST_KEY_UILaunchStoryboardName = LaunchScreen;
				INFOPLIST_KEY_UIMainStoryboardFile = Main;
				INFOPLIST_KEY_UISupportedInterfaceOrientations_iPad = "UIInterfaceOrientationPortrait UIInterfaceOrientationPortraitUpsideDown UIInterfaceOrientationLandscapeLeft UIInterfaceOrientationLandscapeRight";
				INFOPLIST_KEY_UISupportedInterfaceOrientations_iPhone = "UIInterfaceOrientationPortrait UIInterfaceOrientationLandscapeLeft UIInterfaceOrientationLandscapeRight";
				IPHONEOS_DEPLOYMENT_TARGET = 16.0;
				LD_RUNPATH_SEARCH_PATHS = (
					"$(inherited)",
					"@executable_path/Frameworks",
				);
				MARKETING_VERSION = 1.0;
				PRODUCT_BUNDLE_IDENTIFIER = com.KinneyKare.DiscGolfSearch;
				PRODUCT_NAME = "$(TARGET_NAME)";
				SWIFT_EMIT_LOC_STRINGS = YES;
				SWIFT_VERSION = 5.0;
				TARGETED_DEVICE_FAMILY = "1,2";
			};
			name = Debug;
		};
		DADB72332AADFCDF0083B13B /* Release */ = {
			isa = XCBuildConfiguration;
			buildSettings = {
				ASSETCATALOG_COMPILER_APPICON_NAME = AppIcon;
				ASSETCATALOG_COMPILER_GLOBAL_ACCENT_COLOR_NAME = AccentColor;
				CODE_SIGN_STYLE = Automatic;
				CURRENT_PROJECT_VERSION = 1;
				DEVELOPMENT_TEAM = R7SHSK6MNC;
				GENERATE_INFOPLIST_FILE = YES;
				INFOPLIST_FILE = DiscGolfSearch/Info.plist;
				INFOPLIST_KEY_UIApplicationSupportsIndirectInputEvents = YES;
				INFOPLIST_KEY_UILaunchStoryboardName = LaunchScreen;
				INFOPLIST_KEY_UIMainStoryboardFile = Main;
				INFOPLIST_KEY_UISupportedInterfaceOrientations_iPad = "UIInterfaceOrientationPortrait UIInterfaceOrientationPortraitUpsideDown UIInterfaceOrientationLandscapeLeft UIInterfaceOrientationLandscapeRight";
				INFOPLIST_KEY_UISupportedInterfaceOrientations_iPhone = "UIInterfaceOrientationPortrait UIInterfaceOrientationLandscapeLeft UIInterfaceOrientationLandscapeRight";
				IPHONEOS_DEPLOYMENT_TARGET = 16.0;
				LD_RUNPATH_SEARCH_PATHS = (
					"$(inherited)",
					"@executable_path/Frameworks",
				);
				MARKETING_VERSION = 1.0;
				PRODUCT_BUNDLE_IDENTIFIER = com.KinneyKare.DiscGolfSearch;
				PRODUCT_NAME = "$(TARGET_NAME)";
				SWIFT_EMIT_LOC_STRINGS = YES;
				SWIFT_VERSION = 5.0;
				TARGETED_DEVICE_FAMILY = "1,2";
			};
			name = Release;
		};
/* End XCBuildConfiguration section */

/* Begin XCConfigurationList section */
		DADB72182AADFCDC0083B13B /* Build configuration list for PBXProject "DiscGolfSearch" */ = {
			isa = XCConfigurationList;
			buildConfigurations = (
				DADB722F2AADFCDF0083B13B /* Debug */,
				DADB72302AADFCDF0083B13B /* Release */,
			);
			defaultConfigurationIsVisible = 0;
			defaultConfigurationName = Release;
		};
		DADB72312AADFCDF0083B13B /* Build configuration list for PBXNativeTarget "DiscGolfSearch" */ = {
			isa = XCConfigurationList;
			buildConfigurations = (
				DADB72322AADFCDF0083B13B /* Debug */,
				DADB72332AADFCDF0083B13B /* Release */,
			);
			defaultConfigurationIsVisible = 0;
			defaultConfigurationName = Release;
		};
/* End XCConfigurationList section */

/* Begin XCRemoteSwiftPackageReference section */
		DA18B7392AC1310B00A02B89 /* XCRemoteSwiftPackageReference "SwiftSpinner" */ = {
			isa = XCRemoteSwiftPackageReference;
			repositoryURL = "https://github.com/icanzilb/SwiftSpinner";
			requirement = {
				kind = upToNextMajorVersion;
				minimumVersion = 2.2.0;
			};
		};
/* End XCRemoteSwiftPackageReference section */

/* Begin XCSwiftPackageProductDependency section */
		DA18B73A2AC1310C00A02B89 /* SwiftSpinner */ = {
			isa = XCSwiftPackageProductDependency;
			package = DA18B7392AC1310B00A02B89 /* XCRemoteSwiftPackageReference "SwiftSpinner" */;
			productName = SwiftSpinner;
		};
/* End XCSwiftPackageProductDependency section */
	};
	rootObject = DADB72152AADFCDC0083B13B /* Project object */;
}
